// !$*UTF8*$!
{
	archiveVersion = 1;
	classes = {
	};
	objectVersion = 55;
	objects = {

/* Begin PBXBuildFile section */
		C947D92A2AC3F50E00015407 /* AppDelegate.swift in Sources */ = {isa = PBXBuildFile; fileRef = C947D9292AC3F50E00015407 /* AppDelegate.swift */; };
		C947D92E2AC3F50E00015407 /* ViewController.swift in Sources */ = {isa = PBXBuildFile; fileRef = C947D92D2AC3F50E00015407 /* ViewController.swift */; };
		C947D9342AC3F50E00015407 /* runnerpia.xcdatamodeld in Sources */ = {isa = PBXBuildFile; fileRef = C947D9322AC3F50E00015407 /* runnerpia.xcdatamodeld */; };
		C947D9362AC3F51000015407 /* Assets.xcassets in Resources */ = {isa = PBXBuildFile; fileRef = C947D9352AC3F51000015407 /* Assets.xcassets */; };
		C947D9392AC3F51000015407 /* LaunchScreen.storyboard in Resources */ = {isa = PBXBuildFile; fileRef = C947D9372AC3F51000015407 /* LaunchScreen.storyboard */; };
		C947D9442AC3F51000015407 /* runnerpiaTests.swift in Sources */ = {isa = PBXBuildFile; fileRef = C947D9432AC3F51000015407 /* runnerpiaTests.swift */; };
		C947D94E2AC3F51000015407 /* runnerpiaUITests.swift in Sources */ = {isa = PBXBuildFile; fileRef = C947D94D2AC3F51000015407 /* runnerpiaUITests.swift */; };
		C947D9502AC3F51000015407 /* runnerpiaUITestsLaunchTests.swift in Sources */ = {isa = PBXBuildFile; fileRef = C947D94F2AC3F51000015407 /* runnerpiaUITestsLaunchTests.swift */; };
/* End PBXBuildFile section */

/* Begin PBXContainerItemProxy section */
		C947D9402AC3F51000015407 /* PBXContainerItemProxy */ = {
			isa = PBXContainerItemProxy;
			containerPortal = C947D91E2AC3F50E00015407 /* Project object */;
			proxyType = 1;
			remoteGlobalIDString = C947D9252AC3F50E00015407;
			remoteInfo = runnerpia;
		};
		C947D94A2AC3F51000015407 /* PBXContainerItemProxy */ = {
			isa = PBXContainerItemProxy;
			containerPortal = C947D91E2AC3F50E00015407 /* Project object */;
			proxyType = 1;
			remoteGlobalIDString = C947D9252AC3F50E00015407;
			remoteInfo = runnerpia;
		};
/* End PBXContainerItemProxy section */

/* Begin PBXFileReference section */
		C947D9262AC3F50E00015407 /* runnerpia.app */ = {isa = PBXFileReference; explicitFileType = wrapper.application; includeInIndex = 0; path = runnerpia.app; sourceTree = BUILT_PRODUCTS_DIR; };
		C947D9292AC3F50E00015407 /* AppDelegate.swift */ = {isa = PBXFileReference; lastKnownFileType = sourcecode.swift; path = AppDelegate.swift; sourceTree = "<group>"; };
		C947D92D2AC3F50E00015407 /* ViewController.swift */ = {isa = PBXFileReference; lastKnownFileType = sourcecode.swift; path = ViewController.swift; sourceTree = "<group>"; };
		C947D9332AC3F50E00015407 /* runnerpia.xcdatamodel */ = {isa = PBXFileReference; lastKnownFileType = wrapper.xcdatamodel; path = runnerpia.xcdatamodel; sourceTree = "<group>"; };
		C947D9352AC3F51000015407 /* Assets.xcassets */ = {isa = PBXFileReference; lastKnownFileType = folder.assetcatalog; path = Assets.xcassets; sourceTree = "<group>"; };
		C947D9382AC3F51000015407 /* Base */ = {isa = PBXFileReference; lastKnownFileType = file.storyboard; name = Base; path = Base.lproj/LaunchScreen.storyboard; sourceTree = "<group>"; };
		C947D93A2AC3F51000015407 /* Info.plist */ = {isa = PBXFileReference; lastKnownFileType = text.plist.xml; path = Info.plist; sourceTree = "<group>"; };
		C947D93F2AC3F51000015407 /* runnerpiaTests.xctest */ = {isa = PBXFileReference; explicitFileType = wrapper.cfbundle; includeInIndex = 0; path = runnerpiaTests.xctest; sourceTree = BUILT_PRODUCTS_DIR; };
		C947D9432AC3F51000015407 /* runnerpiaTests.swift */ = {isa = PBXFileReference; lastKnownFileType = sourcecode.swift; path = runnerpiaTests.swift; sourceTree = "<group>"; };
		C947D9492AC3F51000015407 /* runnerpiaUITests.xctest */ = {isa = PBXFileReference; explicitFileType = wrapper.cfbundle; includeInIndex = 0; path = runnerpiaUITests.xctest; sourceTree = BUILT_PRODUCTS_DIR; };
		C947D94D2AC3F51000015407 /* runnerpiaUITests.swift */ = {isa = PBXFileReference; lastKnownFileType = sourcecode.swift; path = runnerpiaUITests.swift; sourceTree = "<group>"; };
		C947D94F2AC3F51000015407 /* runnerpiaUITestsLaunchTests.swift */ = {isa = PBXFileReference; lastKnownFileType = sourcecode.swift; path = runnerpiaUITestsLaunchTests.swift; sourceTree = "<group>"; };
/* End PBXFileReference section */

/* Begin PBXFrameworksBuildPhase section */
		C947D9232AC3F50E00015407 /* Frameworks */ = {
			isa = PBXFrameworksBuildPhase;
			buildActionMask = 2147483647;
			files = (
			);
			runOnlyForDeploymentPostprocessing = 0;
		};
		C947D93C2AC3F51000015407 /* Frameworks */ = {
			isa = PBXFrameworksBuildPhase;
			buildActionMask = 2147483647;
			files = (
			);
			runOnlyForDeploymentPostprocessing = 0;
		};
		C947D9462AC3F51000015407 /* Frameworks */ = {
			isa = PBXFrameworksBuildPhase;
			buildActionMask = 2147483647;
			files = (
			);
			runOnlyForDeploymentPostprocessing = 0;
		};
/* End PBXFrameworksBuildPhase section */

/* Begin PBXGroup section */
		88E172442AD386F800A4A852 /* Application */ = {
			isa = PBXGroup;
			children = (
			);
			path = Application;
			sourceTree = "<group>";
		};
		88E172452AD3870100A4A852 /* Common */ = {
			isa = PBXGroup;
			children = (
				C947D9292AC3F50E00015407 /* AppDelegate.swift */,
			);
			path = Common;
			sourceTree = "<group>";
		};
		88E172462AD390C300A4A852 /* Configs */ = {
			isa = PBXGroup;
			children = (
			);
			path = Configs;
			sourceTree = "<group>";
		};
		88E172472AD390CC00A4A852 /* Extensions */ = {
			isa = PBXGroup;
			children = (
			);
			path = Extensions;
			sourceTree = "<group>";
		};
		88E172482AD390D100A4A852 /* Managers */ = {
			isa = PBXGroup;
			children = (
			);
			path = Managers;
			sourceTree = "<group>";
		};
		88E172492AD390E200A4A852 /* Models */ = {
			isa = PBXGroup;
			children = (
				C947D9322AC3F50E00015407 /* runnerpia.xcdatamodeld */,
			);
			path = Models;
			sourceTree = "<group>";
		};
		88E1724A2AD390EE00A4A852 /* Modules */ = {
			isa = PBXGroup;
			children = (
			);
			path = Modules;
			sourceTree = "<group>";
		};
		88E1724B2AD390FD00A4A852 /* Networking */ = {
			isa = PBXGroup;
			children = (
			);
			path = Networking;
			sourceTree = "<group>";
		};
		88E1724C2AD3910F00A4A852 /* Resources */ = {
			isa = PBXGroup;
			children = (
				C947D9352AC3F51000015407 /* Assets.xcassets */,
				C947D93A2AC3F51000015407 /* Info.plist */,
			);
			path = Resources;
			sourceTree = "<group>";
		};
		C947D91D2AC3F50E00015407 = {
			isa = PBXGroup;
			children = (
				C947D9282AC3F50E00015407 /* runnerpia */,
				C947D9422AC3F51000015407 /* runnerpiaTests */,
				C947D94C2AC3F51000015407 /* runnerpiaUITests */,
				C947D9272AC3F50E00015407 /* Products */,
			);
			sourceTree = "<group>";
		};
		C947D9272AC3F50E00015407 /* Products */ = {
			isa = PBXGroup;
			children = (
				C947D9262AC3F50E00015407 /* runnerpia.app */,
				C947D93F2AC3F51000015407 /* runnerpiaTests.xctest */,
				C947D9492AC3F51000015407 /* runnerpiaUITests.xctest */,
			);
			name = Products;
			sourceTree = "<group>";
		};
		C947D9282AC3F50E00015407 /* runnerpia */ = {
			isa = PBXGroup;
			children = (
				88E172442AD386F800A4A852 /* Application */,
				88E172452AD3870100A4A852 /* Common */,
				88E172462AD390C300A4A852 /* Configs */,
				88E172472AD390CC00A4A852 /* Extensions */,
				88E172482AD390D100A4A852 /* Managers */,
				88E172492AD390E200A4A852 /* Models */,
				88E1724A2AD390EE00A4A852 /* Modules */,
				88E1724B2AD390FD00A4A852 /* Networking */,
				88E1724C2AD3910F00A4A852 /* Resources */,
				C947D92D2AC3F50E00015407 /* ViewController.swift */,
				C947D9372AC3F51000015407 /* LaunchScreen.storyboard */,
			);
			path = runnerpia;
			sourceTree = "<group>";
		};
		C947D9422AC3F51000015407 /* runnerpiaTests */ = {
			isa = PBXGroup;
			children = (
				C947D9432AC3F51000015407 /* runnerpiaTests.swift */,
			);
			path = runnerpiaTests;
			sourceTree = "<group>";
		};
		C947D94C2AC3F51000015407 /* runnerpiaUITests */ = {
			isa = PBXGroup;
			children = (
				C947D94D2AC3F51000015407 /* runnerpiaUITests.swift */,
				C947D94F2AC3F51000015407 /* runnerpiaUITestsLaunchTests.swift */,
			);
			path = runnerpiaUITests;
			sourceTree = "<group>";
		};
/* End PBXGroup section */

/* Begin PBXNativeTarget section */
		C947D9252AC3F50E00015407 /* runnerpia */ = {
			isa = PBXNativeTarget;
			buildConfigurationList = C947D9532AC3F51000015407 /* Build configuration list for PBXNativeTarget "runnerpia" */;
			buildPhases = (
				C947D9222AC3F50E00015407 /* Sources */,
				C947D9232AC3F50E00015407 /* Frameworks */,
				C947D9242AC3F50E00015407 /* Resources */,
			);
			buildRules = (
			);
			dependencies = (
			);
			name = runnerpia;
			productName = runnerpia;
			productReference = C947D9262AC3F50E00015407 /* runnerpia.app */;
			productType = "com.apple.product-type.application";
		};
		C947D93E2AC3F51000015407 /* runnerpiaTests */ = {
			isa = PBXNativeTarget;
			buildConfigurationList = C947D9562AC3F51000015407 /* Build configuration list for PBXNativeTarget "runnerpiaTests" */;
			buildPhases = (
				C947D93B2AC3F51000015407 /* Sources */,
				C947D93C2AC3F51000015407 /* Frameworks */,
				C947D93D2AC3F51000015407 /* Resources */,
			);
			buildRules = (
			);
			dependencies = (
				C947D9412AC3F51000015407 /* PBXTargetDependency */,
			);
			name = runnerpiaTests;
			productName = runnerpiaTests;
			productReference = C947D93F2AC3F51000015407 /* runnerpiaTests.xctest */;
			productType = "com.apple.product-type.bundle.unit-test";
		};
		C947D9482AC3F51000015407 /* runnerpiaUITests */ = {
			isa = PBXNativeTarget;
			buildConfigurationList = C947D9592AC3F51000015407 /* Build configuration list for PBXNativeTarget "runnerpiaUITests" */;
			buildPhases = (
				C947D9452AC3F51000015407 /* Sources */,
				C947D9462AC3F51000015407 /* Frameworks */,
				C947D9472AC3F51000015407 /* Resources */,
			);
			buildRules = (
			);
			dependencies = (
				C947D94B2AC3F51000015407 /* PBXTargetDependency */,
			);
			name = runnerpiaUITests;
			productName = runnerpiaUITests;
			productReference = C947D9492AC3F51000015407 /* runnerpiaUITests.xctest */;
			productType = "com.apple.product-type.bundle.ui-testing";
		};
/* End PBXNativeTarget section */

/* Begin PBXProject section */
		C947D91E2AC3F50E00015407 /* Project object */ = {
			isa = PBXProject;
			attributes = {
				BuildIndependentTargetsInParallel = 1;
				LastSwiftUpdateCheck = 1430;
				LastUpgradeCheck = 1430;
				TargetAttributes = {
					C947D9252AC3F50E00015407 = {
						CreatedOnToolsVersion = 14.3.1;
					};
					C947D93E2AC3F51000015407 = {
						CreatedOnToolsVersion = 14.3.1;
						TestTargetID = C947D9252AC3F50E00015407;
					};
					C947D9482AC3F51000015407 = {
						CreatedOnToolsVersion = 14.3.1;
						TestTargetID = C947D9252AC3F50E00015407;
					};
				};
			};
			buildConfigurationList = C947D9212AC3F50E00015407 /* Build configuration list for PBXProject "runnerpia" */;
			compatibilityVersion = "Xcode 13.0";
			developmentRegion = en;
			hasScannedForEncodings = 0;
			knownRegions = (
				en,
				Base,
			);
			mainGroup = C947D91D2AC3F50E00015407;
			productRefGroup = C947D9272AC3F50E00015407 /* Products */;
			projectDirPath = "";
			projectRoot = "";
			targets = (
				C947D9252AC3F50E00015407 /* runnerpia */,
				C947D93E2AC3F51000015407 /* runnerpiaTests */,
				C947D9482AC3F51000015407 /* runnerpiaUITests */,
			);
		};
/* End PBXProject section */

/* Begin PBXResourcesBuildPhase section */
		C947D9242AC3F50E00015407 /* Resources */ = {
			isa = PBXResourcesBuildPhase;
			buildActionMask = 2147483647;
			files = (
				C947D9392AC3F51000015407 /* LaunchScreen.storyboard in Resources */,
				C947D9362AC3F51000015407 /* Assets.xcassets in Resources */,
			);
			runOnlyForDeploymentPostprocessing = 0;
		};
		C947D93D2AC3F51000015407 /* Resources */ = {
			isa = PBXResourcesBuildPhase;
			buildActionMask = 2147483647;
			files = (
			);
			runOnlyForDeploymentPostprocessing = 0;
		};
		C947D9472AC3F51000015407 /* Resources */ = {
			isa = PBXResourcesBuildPhase;
			buildActionMask = 2147483647;
			files = (
			);
			runOnlyForDeploymentPostprocessing = 0;
		};
/* End PBXResourcesBuildPhase section */

/* Begin PBXSourcesBuildPhase section */
		C947D9222AC3F50E00015407 /* Sources */ = {
			isa = PBXSourcesBuildPhase;
			buildActionMask = 2147483647;
			files = (
				C947D92E2AC3F50E00015407 /* ViewController.swift in Sources */,
				C947D92A2AC3F50E00015407 /* AppDelegate.swift in Sources */,
				C947D9342AC3F50E00015407 /* runnerpia.xcdatamodeld in Sources */,
			);
			runOnlyForDeploymentPostprocessing = 0;
		};
		C947D93B2AC3F51000015407 /* Sources */ = {
			isa = PBXSourcesBuildPhase;
			buildActionMask = 2147483647;
			files = (
				C947D9442AC3F51000015407 /* runnerpiaTests.swift in Sources */,
			);
			runOnlyForDeploymentPostprocessing = 0;
		};
		C947D9452AC3F51000015407 /* Sources */ = {
			isa = PBXSourcesBuildPhase;
			buildActionMask = 2147483647;
			files = (
				C947D94E2AC3F51000015407 /* runnerpiaUITests.swift in Sources */,
				C947D9502AC3F51000015407 /* runnerpiaUITestsLaunchTests.swift in Sources */,
			);
			runOnlyForDeploymentPostprocessing = 0;
		};
/* End PBXSourcesBuildPhase section */

/* Begin PBXTargetDependency section */
		C947D9412AC3F51000015407 /* PBXTargetDependency */ = {
			isa = PBXTargetDependency;
			target = C947D9252AC3F50E00015407 /* runnerpia */;
			targetProxy = C947D9402AC3F51000015407 /* PBXContainerItemProxy */;
		};
		C947D94B2AC3F51000015407 /* PBXTargetDependency */ = {
			isa = PBXTargetDependency;
			target = C947D9252AC3F50E00015407 /* runnerpia */;
			targetProxy = C947D94A2AC3F51000015407 /* PBXContainerItemProxy */;
		};
/* End PBXTargetDependency section */

/* Begin PBXVariantGroup section */
		C947D9372AC3F51000015407 /* LaunchScreen.storyboard */ = {
			isa = PBXVariantGroup;
			children = (
				C947D9382AC3F51000015407 /* Base */,
			);
			name = LaunchScreen.storyboard;
			sourceTree = "<group>";
		};
/* End PBXVariantGroup section */

/* Begin XCBuildConfiguration section */
		C947D9512AC3F51000015407 /* Debug */ = {
			isa = XCBuildConfiguration;
			buildSettings = {
				ALWAYS_SEARCH_USER_PATHS = NO;
				CLANG_ANALYZER_NONNULL = YES;
				CLANG_ANALYZER_NUMBER_OBJECT_CONVERSION = YES_AGGRESSIVE;
				CLANG_CXX_LANGUAGE_STANDARD = "gnu++20";
				CLANG_ENABLE_MODULES = YES;
				CLANG_ENABLE_OBJC_ARC = YES;
				CLANG_ENABLE_OBJC_WEAK = YES;
				CLANG_WARN_BLOCK_CAPTURE_AUTORELEASING = YES;
				CLANG_WARN_BOOL_CONVERSION = YES;
				CLANG_WARN_COMMA = YES;
				CLANG_WARN_CONSTANT_CONVERSION = YES;
				CLANG_WARN_DEPRECATED_OBJC_IMPLEMENTATIONS = YES;
				CLANG_WARN_DIRECT_OBJC_ISA_USAGE = YES_ERROR;
				CLANG_WARN_DOCUMENTATION_COMMENTS = YES;
				CLANG_WARN_EMPTY_BODY = YES;
				CLANG_WARN_ENUM_CONVERSION = YES;
				CLANG_WARN_INFINITE_RECURSION = YES;
				CLANG_WARN_INT_CONVERSION = YES;
				CLANG_WARN_NON_LITERAL_NULL_CONVERSION = YES;
				CLANG_WARN_OBJC_IMPLICIT_RETAIN_SELF = YES;
				CLANG_WARN_OBJC_LITERAL_CONVERSION = YES;
				CLANG_WARN_OBJC_ROOT_CLASS = YES_ERROR;
				CLANG_WARN_QUOTED_INCLUDE_IN_FRAMEWORK_HEADER = YES;
				CLANG_WARN_RANGE_LOOP_ANALYSIS = YES;
				CLANG_WARN_STRICT_PROTOTYPES = YES;
				CLANG_WARN_SUSPICIOUS_MOVE = YES;
				CLANG_WARN_UNGUARDED_AVAILABILITY = YES_AGGRESSIVE;
				CLANG_WARN_UNREACHABLE_CODE = YES;
				CLANG_WARN__DUPLICATE_METHOD_MATCH = YES;
				COPY_PHASE_STRIP = NO;
				DEBUG_INFORMATION_FORMAT = dwarf;
				ENABLE_STRICT_OBJC_MSGSEND = YES;
				ENABLE_TESTABILITY = YES;
				GCC_C_LANGUAGE_STANDARD = gnu11;
				GCC_DYNAMIC_NO_PIC = NO;
				GCC_NO_COMMON_BLOCKS = YES;
				GCC_OPTIMIZATION_LEVEL = 0;
				GCC_PREPROCESSOR_DEFINITIONS = (
					"DEBUG=1",
					"$(inherited)",
				);
				GCC_WARN_64_TO_32_BIT_CONVERSION = YES;
				GCC_WARN_ABOUT_RETURN_TYPE = YES_ERROR;
				GCC_WARN_UNDECLARED_SELECTOR = YES;
				GCC_WARN_UNINITIALIZED_AUTOS = YES_AGGRESSIVE;
				GCC_WARN_UNUSED_FUNCTION = YES;
				GCC_WARN_UNUSED_VARIABLE = YES;
				IPHONEOS_DEPLOYMENT_TARGET = 16.4;
				MTL_ENABLE_DEBUG_INFO = INCLUDE_SOURCE;
				MTL_FAST_MATH = YES;
				ONLY_ACTIVE_ARCH = YES;
				SDKROOT = iphoneos;
				SWIFT_ACTIVE_COMPILATION_CONDITIONS = DEBUG;
				SWIFT_OPTIMIZATION_LEVEL = "-Onone";
			};
			name = Debug;
		};
		C947D9522AC3F51000015407 /* Release */ = {
			isa = XCBuildConfiguration;
			buildSettings = {
				ALWAYS_SEARCH_USER_PATHS = NO;
				CLANG_ANALYZER_NONNULL = YES;
				CLANG_ANALYZER_NUMBER_OBJECT_CONVERSION = YES_AGGRESSIVE;
				CLANG_CXX_LANGUAGE_STANDARD = "gnu++20";
				CLANG_ENABLE_MODULES = YES;
				CLANG_ENABLE_OBJC_ARC = YES;
				CLANG_ENABLE_OBJC_WEAK = YES;
				CLANG_WARN_BLOCK_CAPTURE_AUTORELEASING = YES;
				CLANG_WARN_BOOL_CONVERSION = YES;
				CLANG_WARN_COMMA = YES;
				CLANG_WARN_CONSTANT_CONVERSION = YES;
				CLANG_WARN_DEPRECATED_OBJC_IMPLEMENTATIONS = YES;
				CLANG_WARN_DIRECT_OBJC_ISA_USAGE = YES_ERROR;
				CLANG_WARN_DOCUMENTATION_COMMENTS = YES;
				CLANG_WARN_EMPTY_BODY = YES;
				CLANG_WARN_ENUM_CONVERSION = YES;
				CLANG_WARN_INFINITE_RECURSION = YES;
				CLANG_WARN_INT_CONVERSION = YES;
				CLANG_WARN_NON_LITERAL_NULL_CONVERSION = YES;
				CLANG_WARN_OBJC_IMPLICIT_RETAIN_SELF = YES;
				CLANG_WARN_OBJC_LITERAL_CONVERSION = YES;
				CLANG_WARN_OBJC_ROOT_CLASS = YES_ERROR;
				CLANG_WARN_QUOTED_INCLUDE_IN_FRAMEWORK_HEADER = YES;
				CLANG_WARN_RANGE_LOOP_ANALYSIS = YES;
				CLANG_WARN_STRICT_PROTOTYPES = YES;
				CLANG_WARN_SUSPICIOUS_MOVE = YES;
				CLANG_WARN_UNGUARDED_AVAILABILITY = YES_AGGRESSIVE;
				CLANG_WARN_UNREACHABLE_CODE = YES;
				CLANG_WARN__DUPLICATE_METHOD_MATCH = YES;
				COPY_PHASE_STRIP = NO;
				DEBUG_INFORMATION_FORMAT = "dwarf-with-dsym";
				ENABLE_NS_ASSERTIONS = NO;
				ENABLE_STRICT_OBJC_MSGSEND = YES;
				GCC_C_LANGUAGE_STANDARD = gnu11;
				GCC_NO_COMMON_BLOCKS = YES;
				GCC_WARN_64_TO_32_BIT_CONVERSION = YES;
				GCC_WARN_ABOUT_RETURN_TYPE = YES_ERROR;
				GCC_WARN_UNDECLARED_SELECTOR = YES;
				GCC_WARN_UNINITIALIZED_AUTOS = YES_AGGRESSIVE;
				GCC_WARN_UNUSED_FUNCTION = YES;
				GCC_WARN_UNUSED_VARIABLE = YES;
				IPHONEOS_DEPLOYMENT_TARGET = 16.4;
				MTL_ENABLE_DEBUG_INFO = NO;
				MTL_FAST_MATH = YES;
				SDKROOT = iphoneos;
				SWIFT_COMPILATION_MODE = wholemodule;
				SWIFT_OPTIMIZATION_LEVEL = "-O";
				VALIDATE_PRODUCT = YES;
			};
			name = Release;
		};
		C947D9542AC3F51000015407 /* Debug */ = {
			isa = XCBuildConfiguration;
			buildSettings = {
				ASSETCATALOG_COMPILER_APPICON_NAME = AppIcon;
				ASSETCATALOG_COMPILER_GLOBAL_ACCENT_COLOR_NAME = AccentColor;
				CODE_SIGN_STYLE = Automatic;
				CURRENT_PROJECT_VERSION = 1;
				DEVELOPMENT_TEAM = 5JQS3FU5R6;
				GENERATE_INFOPLIST_FILE = YES;
				INFOPLIST_FILE = runnerpia/Resources/Info.plist;
				INFOPLIST_KEY_UIApplicationSupportsIndirectInputEvents = YES;
				INFOPLIST_KEY_UILaunchStoryboardName = LaunchScreen;
				INFOPLIST_KEY_UISupportedInterfaceOrientations_iPad = "UIInterfaceOrientationLandscapeLeft UIInterfaceOrientationLandscapeRight UIInterfaceOrientationPortrait UIInterfaceOrientationPortraitUpsideDown";
				IPHONEOS_DEPLOYMENT_TARGET = 16.0;
				LD_RUNPATH_SEARCH_PATHS = (
					"$(inherited)",
					"@executable_path/Frameworks",
				);
				MARKETING_VERSION = 1.0;
				PRODUCT_BUNDLE_IDENTIFIER = com.parkjju.runnerpia;
				PRODUCT_NAME = "$(TARGET_NAME)";
				SUPPORTED_PLATFORMS = "iphoneos iphonesimulator";
				SUPPORTS_MACCATALYST = NO;
				SUPPORTS_MAC_DESIGNED_FOR_IPHONE_IPAD = NO;
				SWIFT_EMIT_LOC_STRINGS = YES;
				SWIFT_VERSION = 5.0;
				TARGETED_DEVICE_FAMILY = 1;
			};
			name = Debug;
		};
		C947D9552AC3F51000015407 /* Release */ = {
			isa = XCBuildConfiguration;
			buildSettings = {
				ASSETCATALOG_COMPILER_APPICON_NAME = AppIcon;
				ASSETCATALOG_COMPILER_GLOBAL_ACCENT_COLOR_NAME = AccentColor;
				CODE_SIGN_STYLE = Automatic;
				CURRENT_PROJECT_VERSION = 1;
				DEVELOPMENT_TEAM = 5JQS3FU5R6;
				GENERATE_INFOPLIST_FILE = YES;
				INFOPLIST_FILE = runnerpia/Resources/Info.plist;
				INFOPLIST_KEY_UIApplicationSupportsIndirectInputEvents = YES;
				INFOPLIST_KEY_UILaunchStoryboardName = LaunchScreen;
				INFOPLIST_KEY_UISupportedInterfaceOrientations_iPad = "UIInterfaceOrientationLandscapeLeft UIInterfaceOrientationLandscapeRight UIInterfaceOrientationPortrait UIInterfaceOrientationPortraitUpsideDown";
				IPHONEOS_DEPLOYMENT_TARGET = 16.0;
				LD_RUNPATH_SEARCH_PATHS = (
					"$(inherited)",
					"@executable_path/Frameworks",
				);
				MARKETING_VERSION = 1.0;
				PRODUCT_BUNDLE_IDENTIFIER = com.parkjju.runnerpia;
				PRODUCT_NAME = "$(TARGET_NAME)";
				SUPPORTED_PLATFORMS = "iphoneos iphonesimulator";
				SUPPORTS_MACCATALYST = NO;
				SUPPORTS_MAC_DESIGNED_FOR_IPHONE_IPAD = NO;
				SWIFT_EMIT_LOC_STRINGS = YES;
				SWIFT_VERSION = 5.0;
				TARGETED_DEVICE_FAMILY = 1;
			};
			name = Release;
		};
		C947D9572AC3F51000015407 /* Debug */ = {
			isa = XCBuildConfiguration;
			buildSettings = {
				ALWAYS_EMBED_SWIFT_STANDARD_LIBRARIES = YES;
				BUNDLE_LOADER = "$(TEST_HOST)";
				CODE_SIGN_STYLE = Automatic;
				CURRENT_PROJECT_VERSION = 1;
				DEVELOPMENT_TEAM = 5JQS3FU5R6;
				GENERATE_INFOPLIST_FILE = YES;
				IPHONEOS_DEPLOYMENT_TARGET = 16.4;
				MARKETING_VERSION = 1.0;
				PRODUCT_BUNDLE_IDENTIFIER = com.parkjju.runnerpiaTests;
				PRODUCT_NAME = "$(TARGET_NAME)";
				SWIFT_EMIT_LOC_STRINGS = NO;
				SWIFT_VERSION = 5.0;
				TARGETED_DEVICE_FAMILY = "1,2";
				TEST_HOST = "$(BUILT_PRODUCTS_DIR)/runnerpia.app/$(BUNDLE_EXECUTABLE_FOLDER_PATH)/runnerpia";
			};
			name = Debug;
		};
		C947D9582AC3F51000015407 /* Release */ = {
			isa = XCBuildConfiguration;
			buildSettings = {
				ALWAYS_EMBED_SWIFT_STANDARD_LIBRARIES = YES;
				BUNDLE_LOADER = "$(TEST_HOST)";
				CODE_SIGN_STYLE = Automatic;
				CURRENT_PROJECT_VERSION = 1;
				DEVELOPMENT_TEAM = 5JQS3FU5R6;
				GENERATE_INFOPLIST_FILE = YES;
				IPHONEOS_DEPLOYMENT_TARGET = 16.4;
				MARKETING_VERSION = 1.0;
				PRODUCT_BUNDLE_IDENTIFIER = com.parkjju.runnerpiaTests;
				PRODUCT_NAME = "$(TARGET_NAME)";
				SWIFT_EMIT_LOC_STRINGS = NO;
				SWIFT_VERSION = 5.0;
				TARGETED_DEVICE_FAMILY = "1,2";
				TEST_HOST = "$(BUILT_PRODUCTS_DIR)/runnerpia.app/$(BUNDLE_EXECUTABLE_FOLDER_PATH)/runnerpia";
			};
			name = Release;
		};
		C947D95A2AC3F51000015407 /* Debug */ = {
			isa = XCBuildConfiguration;
			buildSettings = {
				ALWAYS_EMBED_SWIFT_STANDARD_LIBRARIES = YES;
				CODE_SIGN_STYLE = Automatic;
				CURRENT_PROJECT_VERSION = 1;
				DEVELOPMENT_TEAM = 5JQS3FU5R6;
				GENERATE_INFOPLIST_FILE = YES;
				MARKETING_VERSION = 1.0;
				PRODUCT_BUNDLE_IDENTIFIER = com.parkjju.runnerpiaUITests;
				PRODUCT_NAME = "$(TARGET_NAME)";
				SWIFT_EMIT_LOC_STRINGS = NO;
				SWIFT_VERSION = 5.0;
				TARGETED_DEVICE_FAMILY = "1,2";
				TEST_TARGET_NAME = runnerpia;
			};
			name = Debug;
		};
		C947D95B2AC3F51000015407 /* Release */ = {
			isa = XCBuildConfiguration;
			buildSettings = {
				ALWAYS_EMBED_SWIFT_STANDARD_LIBRARIES = YES;
				CODE_SIGN_STYLE = Automatic;
				CURRENT_PROJECT_VERSION = 1;
				DEVELOPMENT_TEAM = 5JQS3FU5R6;
				GENERATE_INFOPLIST_FILE = YES;
				MARKETING_VERSION = 1.0;
				PRODUCT_BUNDLE_IDENTIFIER = com.parkjju.runnerpiaUITests;
				PRODUCT_NAME = "$(TARGET_NAME)";
				SWIFT_EMIT_LOC_STRINGS = NO;
				SWIFT_VERSION = 5.0;
				TARGETED_DEVICE_FAMILY = "1,2";
				TEST_TARGET_NAME = runnerpia;
			};
			name = Release;
		};
/* End XCBuildConfiguration section */

/* Begin XCConfigurationList section */
		C947D9212AC3F50E00015407 /* Build configuration list for PBXProject "runnerpia" */ = {
			isa = XCConfigurationList;
			buildConfigurations = (
				C947D9512AC3F51000015407 /* Debug */,
				C947D9522AC3F51000015407 /* Release */,
			);
			defaultConfigurationIsVisible = 0;
			defaultConfigurationName = Release;
		};
		C947D9532AC3F51000015407 /* Build configuration list for PBXNativeTarget "runnerpia" */ = {
			isa = XCConfigurationList;
			buildConfigurations = (
				C947D9542AC3F51000015407 /* Debug */,
				C947D9552AC3F51000015407 /* Release */,
			);
			defaultConfigurationIsVisible = 0;
			defaultConfigurationName = Release;
		};
		C947D9562AC3F51000015407 /* Build configuration list for PBXNativeTarget "runnerpiaTests" */ = {
			isa = XCConfigurationList;
			buildConfigurations = (
				C947D9572AC3F51000015407 /* Debug */,
				C947D9582AC3F51000015407 /* Release */,
			);
			defaultConfigurationIsVisible = 0;
			defaultConfigurationName = Release;
		};
		C947D9592AC3F51000015407 /* Build configuration list for PBXNativeTarget "runnerpiaUITests" */ = {
			isa = XCConfigurationList;
			buildConfigurations = (
				C947D95A2AC3F51000015407 /* Debug */,
				C947D95B2AC3F51000015407 /* Release */,
			);
			defaultConfigurationIsVisible = 0;
			defaultConfigurationName = Release;
		};
/* End XCConfigurationList section */

/* Begin XCVersionGroup section */
		C947D9322AC3F50E00015407 /* runnerpia.xcdatamodeld */ = {
			isa = XCVersionGroup;
			children = (
				C947D9332AC3F50E00015407 /* runnerpia.xcdatamodel */,
			);
			currentVersion = C947D9332AC3F50E00015407 /* runnerpia.xcdatamodel */;
			path = runnerpia.xcdatamodeld;
			sourceTree = "<group>";
			versionGroupType = wrapper.xcdatamodel;
		};
/* End XCVersionGroup section */
	};
	rootObject = C947D91E2AC3F50E00015407 /* Project object */;
}
