// !$*UTF8*$!
{
	archiveVersion = 1;
	classes = {
	};
	objectVersion = 55;
	objects = {

/* Begin PBXBuildFile section */
		4362D07183356856F2C6EAC7 /* Pods_runnerpia_runnerpiaUITests.framework in Frameworks */ = {isa = PBXBuildFile; fileRef = EDB93D157928B36F4954C03D /* Pods_runnerpia_runnerpiaUITests.framework */; };
		79E0E4A028CCB0907A744709 /* Pods_runnerpia.framework in Frameworks */ = {isa = PBXBuildFile; fileRef = 8EA27F1A7812707DC189EA24 /* Pods_runnerpia.framework */; };
		88E172512AD3A8FD00A4A852 /* TabBarController.swift in Sources */ = {isa = PBXBuildFile; fileRef = 88E172502AD3A8FD00A4A852 /* TabBarController.swift */; };
		88E172542AD5542800A4A852 /* MyPageViewController.swift in Sources */ = {isa = PBXBuildFile; fileRef = 88E172532AD5542800A4A852 /* MyPageViewController.swift */; };
		88E172582AD5588F00A4A852 /* Pretendard-Black.otf in Resources */ = {isa = PBXBuildFile; fileRef = C941F52A2AD53DDA00F43668 /* Pretendard-Black.otf */; };
		88E172592AD5588F00A4A852 /* Pretendard-Bold.otf in Resources */ = {isa = PBXBuildFile; fileRef = C941F5292AD53DDA00F43668 /* Pretendard-Bold.otf */; };
		88E1725A2AD5588F00A4A852 /* Pretendard-ExtraBold.otf in Resources */ = {isa = PBXBuildFile; fileRef = C941F52B2AD53DDA00F43668 /* Pretendard-ExtraBold.otf */; };
		88E1725B2AD5588F00A4A852 /* Pretendard-ExtraLight.otf in Resources */ = {isa = PBXBuildFile; fileRef = C941F5252AD53DDA00F43668 /* Pretendard-ExtraLight.otf */; };
		88E1725C2AD5588F00A4A852 /* Pretendard-Light.otf in Resources */ = {isa = PBXBuildFile; fileRef = C941F52C2AD53DDA00F43668 /* Pretendard-Light.otf */; };
		88E1725D2AD5588F00A4A852 /* Pretendard-Medium.otf in Resources */ = {isa = PBXBuildFile; fileRef = C941F5282AD53DDA00F43668 /* Pretendard-Medium.otf */; };
		88E1725E2AD5588F00A4A852 /* Pretendard-Regular.otf in Resources */ = {isa = PBXBuildFile; fileRef = C941F5272AD53DDA00F43668 /* Pretendard-Regular.otf */; };
		88E1725F2AD5588F00A4A852 /* Pretendard-SemiBold.otf in Resources */ = {isa = PBXBuildFile; fileRef = C941F52D2AD53DDA00F43668 /* Pretendard-SemiBold.otf */; };
		88E172602AD5588F00A4A852 /* Pretendard-Thin.otf in Resources */ = {isa = PBXBuildFile; fileRef = C941F5262AD53DDA00F43668 /* Pretendard-Thin.otf */; };
		88E172652AD55D0900A4A852 /* RecommendContentsView.swift in Sources */ = {isa = PBXBuildFile; fileRef = 88E172642AD55D0900A4A852 /* RecommendContentsView.swift */; };
		88E172682AD55E2300A4A852 /* UIView+.swift in Sources */ = {isa = PBXBuildFile; fileRef = 88E172672AD55E2300A4A852 /* UIView+.swift */; };
		88E1726B2AD5624D00A4A852 /* SafeTagContentsView.swift in Sources */ = {isa = PBXBuildFile; fileRef = 88E1726A2AD5624D00A4A852 /* SafeTagContentsView.swift */; };
		88E1726D2AD5737300A4A852 /* MainRoute.swift in Sources */ = {isa = PBXBuildFile; fileRef = 88E1726C2AD5737300A4A852 /* MainRoute.swift */; };
		88E1726F2AD5739900A4A852 /* FollowingRoute.swift in Sources */ = {isa = PBXBuildFile; fileRef = 88E1726E2AD5739900A4A852 /* FollowingRoute.swift */; };
		88E172722AD5745900A4A852 /* Tags.swift in Sources */ = {isa = PBXBuildFile; fileRef = 88E172712AD5745900A4A852 /* Tags.swift */; };
		88E172752AD586A800A4A852 /* RouteRunningViewController.swift in Sources */ = {isa = PBXBuildFile; fileRef = 88E172742AD586A800A4A852 /* RouteRunningViewController.swift */; };
		88FA2B9D2AD58DA900AE835B /* APIRouter.swift in Sources */ = {isa = PBXBuildFile; fileRef = 88FA2B9C2AD58DA900AE835B /* APIRouter.swift */; };
		B21AB5A3563F4194B48466C3 /* Pods_runnerpiaTests.framework in Frameworks */ = {isa = PBXBuildFile; fileRef = E40C91CFC823BA5CC4E04C62 /* Pods_runnerpiaTests.framework */; };
		C941F5062AD5275100F43668 /* BaseViewController.swift in Sources */ = {isa = PBXBuildFile; fileRef = C941F5052AD5275100F43668 /* BaseViewController.swift */; };
		C941F5082AD5284200F43668 /* BaseViewModel.swift in Sources */ = {isa = PBXBuildFile; fileRef = C941F5072AD5284200F43668 /* BaseViewModel.swift */; };
		C941F50C2AD529B300F43668 /* HomeViewController.swift in Sources */ = {isa = PBXBuildFile; fileRef = C941F50B2AD529B300F43668 /* HomeViewController.swift */; };
		C941F5102AD52AF300F43668 /* RouteFollowingViewController.swift in Sources */ = {isa = PBXBuildFile; fileRef = C941F50F2AD52AF300F43668 /* RouteFollowingViewController.swift */; };
		C941F5152AD52B3900F43668 /* RouteDetailViewController.swift in Sources */ = {isa = PBXBuildFile; fileRef = C941F5142AD52B3900F43668 /* RouteDetailViewController.swift */; };
		C941F5172AD52CF500F43668 /* AppCoordinator.swift in Sources */ = {isa = PBXBuildFile; fileRef = C941F5162AD52CF500F43668 /* AppCoordinator.swift */; };
		C941F5192AD532AE00F43668 /* ImageLiteral.swift in Sources */ = {isa = PBXBuildFile; fileRef = C941F5182AD532AE00F43668 /* ImageLiteral.swift */; };
		C941F51B2AD5334E00F43668 /* UIImage+.swift in Sources */ = {isa = PBXBuildFile; fileRef = C941F51A2AD5334E00F43668 /* UIImage+.swift */; };
		C941F5202AD5393B00F43668 /* UIColor+.swift in Sources */ = {isa = PBXBuildFile; fileRef = C941F51F2AD5393B00F43668 /* UIColor+.swift */; };
		C941F5232AD53D8100F43668 /* UIFont+.swift in Sources */ = {isa = PBXBuildFile; fileRef = C941F5222AD53D8100F43668 /* UIFont+.swift */; };
		C947D92A2AC3F50E00015407 /* AppDelegate.swift in Sources */ = {isa = PBXBuildFile; fileRef = C947D9292AC3F50E00015407 /* AppDelegate.swift */; };
		C947D9342AC3F50E00015407 /* runnerpia.xcdatamodeld in Sources */ = {isa = PBXBuildFile; fileRef = C947D9322AC3F50E00015407 /* runnerpia.xcdatamodeld */; };
		C947D9362AC3F51000015407 /* Assets.xcassets in Resources */ = {isa = PBXBuildFile; fileRef = C947D9352AC3F51000015407 /* Assets.xcassets */; };
		C947D9392AC3F51000015407 /* LaunchScreen.storyboard in Resources */ = {isa = PBXBuildFile; fileRef = C947D9372AC3F51000015407 /* LaunchScreen.storyboard */; };
		C947D9442AC3F51000015407 /* runnerpiaTests.swift in Sources */ = {isa = PBXBuildFile; fileRef = C947D9432AC3F51000015407 /* runnerpiaTests.swift */; };
		C947D94E2AC3F51000015407 /* runnerpiaUITests.swift in Sources */ = {isa = PBXBuildFile; fileRef = C947D94D2AC3F51000015407 /* runnerpiaUITests.swift */; };
		C947D9502AC3F51000015407 /* runnerpiaUITestsLaunchTests.swift in Sources */ = {isa = PBXBuildFile; fileRef = C947D94F2AC3F51000015407 /* runnerpiaUITestsLaunchTests.swift */; };
/* End PBXBuildFile section */

/* Begin PBXContainerItemProxy section */
		C947D9402AC3F51000015407 /* PBXContainerItemProxy */ = {
			isa = PBXContainerItemProxy;
			containerPortal = C947D91E2AC3F50E00015407 /* Project object */;
			proxyType = 1;
			remoteGlobalIDString = C947D9252AC3F50E00015407;
			remoteInfo = runnerpia;
		};
		C947D94A2AC3F51000015407 /* PBXContainerItemProxy */ = {
			isa = PBXContainerItemProxy;
			containerPortal = C947D91E2AC3F50E00015407 /* Project object */;
			proxyType = 1;
			remoteGlobalIDString = C947D9252AC3F50E00015407;
			remoteInfo = runnerpia;
		};
/* End PBXContainerItemProxy section */

/* Begin PBXFileReference section */
		387C8AB4255175EDAED1A4F1 /* Pods-runnerpia.release.xcconfig */ = {isa = PBXFileReference; includeInIndex = 1; lastKnownFileType = text.xcconfig; name = "Pods-runnerpia.release.xcconfig"; path = "Target Support Files/Pods-runnerpia/Pods-runnerpia.release.xcconfig"; sourceTree = "<group>"; };
		3B528E7554C6A04F1A2FB6F3 /* Pods-runnerpia-runnerpiaUITests.release.xcconfig */ = {isa = PBXFileReference; includeInIndex = 1; lastKnownFileType = text.xcconfig; name = "Pods-runnerpia-runnerpiaUITests.release.xcconfig"; path = "Target Support Files/Pods-runnerpia-runnerpiaUITests/Pods-runnerpia-runnerpiaUITests.release.xcconfig"; sourceTree = "<group>"; };
		5862D0E785A20B3FF5DD925F /* Pods-runnerpiaTests.debug.xcconfig */ = {isa = PBXFileReference; includeInIndex = 1; lastKnownFileType = text.xcconfig; name = "Pods-runnerpiaTests.debug.xcconfig"; path = "Target Support Files/Pods-runnerpiaTests/Pods-runnerpiaTests.debug.xcconfig"; sourceTree = "<group>"; };
		88E172502AD3A8FD00A4A852 /* TabBarController.swift */ = {isa = PBXFileReference; lastKnownFileType = sourcecode.swift; path = TabBarController.swift; sourceTree = "<group>"; };
		88E172532AD5542800A4A852 /* MyPageViewController.swift */ = {isa = PBXFileReference; lastKnownFileType = sourcecode.swift; path = MyPageViewController.swift; sourceTree = "<group>"; };
		88E172642AD55D0900A4A852 /* RecommendContentsView.swift */ = {isa = PBXFileReference; lastKnownFileType = sourcecode.swift; path = RecommendContentsView.swift; sourceTree = "<group>"; };
		88E172672AD55E2300A4A852 /* UIView+.swift */ = {isa = PBXFileReference; lastKnownFileType = sourcecode.swift; path = "UIView+.swift"; sourceTree = "<group>"; };
		88E1726A2AD5624D00A4A852 /* SafeTagContentsView.swift */ = {isa = PBXFileReference; lastKnownFileType = sourcecode.swift; path = SafeTagContentsView.swift; sourceTree = "<group>"; };
		88E1726C2AD5737300A4A852 /* MainRoute.swift */ = {isa = PBXFileReference; lastKnownFileType = sourcecode.swift; path = MainRoute.swift; sourceTree = "<group>"; };
		88E1726E2AD5739900A4A852 /* FollowingRoute.swift */ = {isa = PBXFileReference; lastKnownFileType = sourcecode.swift; path = FollowingRoute.swift; sourceTree = "<group>"; };
		88E172712AD5745900A4A852 /* Tags.swift */ = {isa = PBXFileReference; lastKnownFileType = sourcecode.swift; path = Tags.swift; sourceTree = "<group>"; };
		88E172742AD586A800A4A852 /* RouteRunningViewController.swift */ = {isa = PBXFileReference; lastKnownFileType = sourcecode.swift; path = RouteRunningViewController.swift; sourceTree = "<group>"; };
		88FA2B9B2AD58DA000AE835B /* runnerpia.xcconfig */ = {isa = PBXFileReference; lastKnownFileType = text.xcconfig; path = runnerpia.xcconfig; sourceTree = "<group>"; };
		88FA2B9C2AD58DA900AE835B /* APIRouter.swift */ = {isa = PBXFileReference; lastKnownFileType = sourcecode.swift; path = APIRouter.swift; sourceTree = "<group>"; };
		8EA27F1A7812707DC189EA24 /* Pods_runnerpia.framework */ = {isa = PBXFileReference; explicitFileType = wrapper.framework; includeInIndex = 0; path = Pods_runnerpia.framework; sourceTree = BUILT_PRODUCTS_DIR; };
		99C878A5D0F16BA11209C565 /* Pods-runnerpia-runnerpiaUITests.debug.xcconfig */ = {isa = PBXFileReference; includeInIndex = 1; lastKnownFileType = text.xcconfig; name = "Pods-runnerpia-runnerpiaUITests.debug.xcconfig"; path = "Target Support Files/Pods-runnerpia-runnerpiaUITests/Pods-runnerpia-runnerpiaUITests.debug.xcconfig"; sourceTree = "<group>"; };
		C941F5052AD5275100F43668 /* BaseViewController.swift */ = {isa = PBXFileReference; lastKnownFileType = sourcecode.swift; path = BaseViewController.swift; sourceTree = "<group>"; };
		C941F5072AD5284200F43668 /* BaseViewModel.swift */ = {isa = PBXFileReference; lastKnownFileType = sourcecode.swift; path = BaseViewModel.swift; sourceTree = "<group>"; };
		C941F50B2AD529B300F43668 /* HomeViewController.swift */ = {isa = PBXFileReference; lastKnownFileType = sourcecode.swift; path = HomeViewController.swift; sourceTree = "<group>"; };
		C941F50F2AD52AF300F43668 /* RouteFollowingViewController.swift */ = {isa = PBXFileReference; lastKnownFileType = sourcecode.swift; path = RouteFollowingViewController.swift; sourceTree = "<group>"; };
		C941F5142AD52B3900F43668 /* RouteDetailViewController.swift */ = {isa = PBXFileReference; lastKnownFileType = sourcecode.swift; path = RouteDetailViewController.swift; sourceTree = "<group>"; };
		C941F5162AD52CF500F43668 /* AppCoordinator.swift */ = {isa = PBXFileReference; lastKnownFileType = sourcecode.swift; path = AppCoordinator.swift; sourceTree = "<group>"; };
		C941F5182AD532AE00F43668 /* ImageLiteral.swift */ = {isa = PBXFileReference; lastKnownFileType = sourcecode.swift; path = ImageLiteral.swift; sourceTree = "<group>"; };
		C941F51A2AD5334E00F43668 /* UIImage+.swift */ = {isa = PBXFileReference; lastKnownFileType = sourcecode.swift; name = "UIImage+.swift"; path = "runnerpia/Extensions/UIImage/UIImage+.swift"; sourceTree = SOURCE_ROOT; };
		C941F51F2AD5393B00F43668 /* UIColor+.swift */ = {isa = PBXFileReference; lastKnownFileType = sourcecode.swift; path = "UIColor+.swift"; sourceTree = "<group>"; };
		C941F5222AD53D8100F43668 /* UIFont+.swift */ = {isa = PBXFileReference; lastKnownFileType = sourcecode.swift; path = "UIFont+.swift"; sourceTree = "<group>"; };
		C941F5252AD53DDA00F43668 /* Pretendard-ExtraLight.otf */ = {isa = PBXFileReference; lastKnownFileType = file; path = "Pretendard-ExtraLight.otf"; sourceTree = "<group>"; };
		C941F5262AD53DDA00F43668 /* Pretendard-Thin.otf */ = {isa = PBXFileReference; lastKnownFileType = file; path = "Pretendard-Thin.otf"; sourceTree = "<group>"; };
		C941F5272AD53DDA00F43668 /* Pretendard-Regular.otf */ = {isa = PBXFileReference; lastKnownFileType = file; path = "Pretendard-Regular.otf"; sourceTree = "<group>"; };
		C941F5282AD53DDA00F43668 /* Pretendard-Medium.otf */ = {isa = PBXFileReference; lastKnownFileType = file; path = "Pretendard-Medium.otf"; sourceTree = "<group>"; };
		C941F5292AD53DDA00F43668 /* Pretendard-Bold.otf */ = {isa = PBXFileReference; lastKnownFileType = file; path = "Pretendard-Bold.otf"; sourceTree = "<group>"; };
		C941F52A2AD53DDA00F43668 /* Pretendard-Black.otf */ = {isa = PBXFileReference; lastKnownFileType = file; path = "Pretendard-Black.otf"; sourceTree = "<group>"; };
		C941F52B2AD53DDA00F43668 /* Pretendard-ExtraBold.otf */ = {isa = PBXFileReference; lastKnownFileType = file; path = "Pretendard-ExtraBold.otf"; sourceTree = "<group>"; };
		C941F52C2AD53DDA00F43668 /* Pretendard-Light.otf */ = {isa = PBXFileReference; lastKnownFileType = file; path = "Pretendard-Light.otf"; sourceTree = "<group>"; };
		C941F52D2AD53DDA00F43668 /* Pretendard-SemiBold.otf */ = {isa = PBXFileReference; lastKnownFileType = file; path = "Pretendard-SemiBold.otf"; sourceTree = "<group>"; };
		C947D9262AC3F50E00015407 /* runnerpia.app */ = {isa = PBXFileReference; explicitFileType = wrapper.application; includeInIndex = 0; path = runnerpia.app; sourceTree = BUILT_PRODUCTS_DIR; };
		C947D9292AC3F50E00015407 /* AppDelegate.swift */ = {isa = PBXFileReference; lastKnownFileType = sourcecode.swift; path = AppDelegate.swift; sourceTree = "<group>"; };
		C947D9332AC3F50E00015407 /* runnerpia.xcdatamodel */ = {isa = PBXFileReference; lastKnownFileType = wrapper.xcdatamodel; path = runnerpia.xcdatamodel; sourceTree = "<group>"; };
		C947D9352AC3F51000015407 /* Assets.xcassets */ = {isa = PBXFileReference; lastKnownFileType = folder.assetcatalog; path = Assets.xcassets; sourceTree = "<group>"; };
		C947D9382AC3F51000015407 /* Base */ = {isa = PBXFileReference; lastKnownFileType = file.storyboard; name = Base; path = Base.lproj/LaunchScreen.storyboard; sourceTree = "<group>"; };
		C947D93A2AC3F51000015407 /* Info.plist */ = {isa = PBXFileReference; lastKnownFileType = text.plist.xml; path = Info.plist; sourceTree = "<group>"; };
		C947D93F2AC3F51000015407 /* runnerpiaTests.xctest */ = {isa = PBXFileReference; explicitFileType = wrapper.cfbundle; includeInIndex = 0; path = runnerpiaTests.xctest; sourceTree = BUILT_PRODUCTS_DIR; };
		C947D9432AC3F51000015407 /* runnerpiaTests.swift */ = {isa = PBXFileReference; lastKnownFileType = sourcecode.swift; path = runnerpiaTests.swift; sourceTree = "<group>"; };
		C947D9492AC3F51000015407 /* runnerpiaUITests.xctest */ = {isa = PBXFileReference; explicitFileType = wrapper.cfbundle; includeInIndex = 0; path = runnerpiaUITests.xctest; sourceTree = BUILT_PRODUCTS_DIR; };
		C947D94D2AC3F51000015407 /* runnerpiaUITests.swift */ = {isa = PBXFileReference; lastKnownFileType = sourcecode.swift; path = runnerpiaUITests.swift; sourceTree = "<group>"; };
		C947D94F2AC3F51000015407 /* runnerpiaUITestsLaunchTests.swift */ = {isa = PBXFileReference; lastKnownFileType = sourcecode.swift; path = runnerpiaUITestsLaunchTests.swift; sourceTree = "<group>"; };
		DFAC9708167AF2D6543FBE25 /* Pods-runnerpiaTests.release.xcconfig */ = {isa = PBXFileReference; includeInIndex = 1; lastKnownFileType = text.xcconfig; name = "Pods-runnerpiaTests.release.xcconfig"; path = "Target Support Files/Pods-runnerpiaTests/Pods-runnerpiaTests.release.xcconfig"; sourceTree = "<group>"; };
		E40C91CFC823BA5CC4E04C62 /* Pods_runnerpiaTests.framework */ = {isa = PBXFileReference; explicitFileType = wrapper.framework; includeInIndex = 0; path = Pods_runnerpiaTests.framework; sourceTree = BUILT_PRODUCTS_DIR; };
		EC8D8280FC147B0866BE7A6C /* Pods-runnerpia.debug.xcconfig */ = {isa = PBXFileReference; includeInIndex = 1; lastKnownFileType = text.xcconfig; name = "Pods-runnerpia.debug.xcconfig"; path = "Target Support Files/Pods-runnerpia/Pods-runnerpia.debug.xcconfig"; sourceTree = "<group>"; };
		EDB93D157928B36F4954C03D /* Pods_runnerpia_runnerpiaUITests.framework */ = {isa = PBXFileReference; explicitFileType = wrapper.framework; includeInIndex = 0; path = Pods_runnerpia_runnerpiaUITests.framework; sourceTree = BUILT_PRODUCTS_DIR; };
/* End PBXFileReference section */

/* Begin PBXFrameworksBuildPhase section */
		C947D9232AC3F50E00015407 /* Frameworks */ = {
			isa = PBXFrameworksBuildPhase;
			buildActionMask = 2147483647;
			files = (
				79E0E4A028CCB0907A744709 /* Pods_runnerpia.framework in Frameworks */,
			);
			runOnlyForDeploymentPostprocessing = 0;
		};
		C947D93C2AC3F51000015407 /* Frameworks */ = {
			isa = PBXFrameworksBuildPhase;
			buildActionMask = 2147483647;
			files = (
				B21AB5A3563F4194B48466C3 /* Pods_runnerpiaTests.framework in Frameworks */,
			);
			runOnlyForDeploymentPostprocessing = 0;
		};
		C947D9462AC3F51000015407 /* Frameworks */ = {
			isa = PBXFrameworksBuildPhase;
			buildActionMask = 2147483647;
			files = (
				4362D07183356856F2C6EAC7 /* Pods_runnerpia_runnerpiaUITests.framework in Frameworks */,
			);
			runOnlyForDeploymentPostprocessing = 0;
		};
/* End PBXFrameworksBuildPhase section */

/* Begin PBXGroup section */
		1E2292F59C8332E123B0BA89 /* Pods */ = {
			isa = PBXGroup;
			children = (
				EC8D8280FC147B0866BE7A6C /* Pods-runnerpia.debug.xcconfig */,
				387C8AB4255175EDAED1A4F1 /* Pods-runnerpia.release.xcconfig */,
				99C878A5D0F16BA11209C565 /* Pods-runnerpia-runnerpiaUITests.debug.xcconfig */,
				3B528E7554C6A04F1A2FB6F3 /* Pods-runnerpia-runnerpiaUITests.release.xcconfig */,
				5862D0E785A20B3FF5DD925F /* Pods-runnerpiaTests.debug.xcconfig */,
				DFAC9708167AF2D6543FBE25 /* Pods-runnerpiaTests.release.xcconfig */,
			);
			path = Pods;
			sourceTree = "<group>";
		};
		5E4758F07042A7D3239422AE /* Frameworks */ = {
			isa = PBXGroup;
			children = (
				8EA27F1A7812707DC189EA24 /* Pods_runnerpia.framework */,
				EDB93D157928B36F4954C03D /* Pods_runnerpia_runnerpiaUITests.framework */,
				E40C91CFC823BA5CC4E04C62 /* Pods_runnerpiaTests.framework */,
			);
			name = Frameworks;
			sourceTree = "<group>";
		};
		88E172442AD386F800A4A852 /* Application */ = {
			isa = PBXGroup;
			children = (
				C947D9292AC3F50E00015407 /* AppDelegate.swift */,
				C941F5162AD52CF500F43668 /* AppCoordinator.swift */,
			);
			path = Application;
			sourceTree = "<group>";
		};
		88E172452AD3870100A4A852 /* Common */ = {
			isa = PBXGroup;
			children = (
				88E172702AD5745200A4A852 /* Tags */,
				C941F5042AD5274600F43668 /* Base */,
			);
			path = Common;
			sourceTree = "<group>";
		};
		88E172462AD390C300A4A852 /* Configs */ = {
			isa = PBXGroup;
			children = (
				88FA2B9B2AD58DA000AE835B /* runnerpia.xcconfig */,
			);
			path = Configs;
			sourceTree = "<group>";
		};
		88E172472AD390CC00A4A852 /* Extensions */ = {
			isa = PBXGroup;
			children = (
				88E172662AD55E1700A4A852 /* UIView */,
				C941F5212AD53D7300F43668 /* UIFont */,
				C941F51E2AD5392E00F43668 /* UIColor */,
				C941F51D2AD5337400F43668 /* UIImage */,
			);
			path = Extensions;
			sourceTree = "<group>";
		};
		88E172492AD390E200A4A852 /* Models */ = {
			isa = PBXGroup;
			children = (
				C947D9322AC3F50E00015407 /* runnerpia.xcdatamodeld */,
				88E1726C2AD5737300A4A852 /* MainRoute.swift */,
				88E1726E2AD5739900A4A852 /* FollowingRoute.swift */,
			);
			path = Models;
			sourceTree = "<group>";
		};
		88E1724A2AD390EE00A4A852 /* Modules */ = {
			isa = PBXGroup;
			children = (
				88E172732AD5868000A4A852 /* RouteRunning */,
				C941F5092AD5291800F43668 /* Main */,
				C941F50A2AD5298000F43668 /* Home */,
				C941F50E2AD52AE200F43668 /* RouteFollowing */,
				88E172522AD5541400A4A852 /* My Page */,
				C941F5132AD52B2200F43668 /* RouteDetail */,
			);
			path = Modules;
			sourceTree = "<group>";
		};
		88E1724B2AD390FD00A4A852 /* Networking */ = {
			isa = PBXGroup;
			children = (
				88FA2B9C2AD58DA900AE835B /* APIRouter.swift */,
			);
			path = Networking;
			sourceTree = "<group>";
		};
		88E1724C2AD3910F00A4A852 /* Resources */ = {
			isa = PBXGroup;
			children = (
				C941F5242AD53DA400F43668 /* Font */,
				C947D9352AC3F51000015407 /* Assets.xcassets */,
				C947D93A2AC3F51000015407 /* Info.plist */,
				C941F5182AD532AE00F43668 /* ImageLiteral.swift */,
			);
			path = Resources;
			sourceTree = "<group>";
		};
		88E172522AD5541400A4A852 /* My Page */ = {
			isa = PBXGroup;
			children = (
				88E172532AD5542800A4A852 /* MyPageViewController.swift */,
			);
			path = "My Page";
			sourceTree = "<group>";
		};
		88E172662AD55E1700A4A852 /* UIView */ = {
			isa = PBXGroup;
			children = (
				88E172672AD55E2300A4A852 /* UIView+.swift */,
			);
			path = UIView;
			sourceTree = "<group>";
		};
		88E172692AD55E3D00A4A852 /* HomeSubviews */ = {
			isa = PBXGroup;
			children = (
				88E172642AD55D0900A4A852 /* RecommendContentsView.swift */,
				88E1726A2AD5624D00A4A852 /* SafeTagContentsView.swift */,
			);
			path = HomeSubviews;
			sourceTree = "<group>";
		};
		88E172702AD5745200A4A852 /* Tags */ = {
			isa = PBXGroup;
			children = (
				88E172712AD5745900A4A852 /* Tags.swift */,
			);
			path = Tags;
			sourceTree = "<group>";
		};
		88E172732AD5868000A4A852 /* RouteRunning */ = {
			isa = PBXGroup;
			children = (
				88E172742AD586A800A4A852 /* RouteRunningViewController.swift */,
			);
			path = RouteRunning;
			sourceTree = "<group>";
		};
		C941F5042AD5274600F43668 /* Base */ = {
			isa = PBXGroup;
			children = (
				C941F5052AD5275100F43668 /* BaseViewController.swift */,
				C941F5072AD5284200F43668 /* BaseViewModel.swift */,
			);
			path = Base;
			sourceTree = "<group>";
		};
		C941F5092AD5291800F43668 /* Main */ = {
			isa = PBXGroup;
			children = (
				88E172502AD3A8FD00A4A852 /* TabBarController.swift */,
			);
			path = Main;
			sourceTree = "<group>";
		};
		C941F50A2AD5298000F43668 /* Home */ = {
			isa = PBXGroup;
			children = (
				88E172692AD55E3D00A4A852 /* HomeSubviews */,
				C941F50B2AD529B300F43668 /* HomeViewController.swift */,
			);
			path = Home;
			sourceTree = "<group>";
		};
		C941F50E2AD52AE200F43668 /* RouteFollowing */ = {
			isa = PBXGroup;
			children = (
				C941F50F2AD52AF300F43668 /* RouteFollowingViewController.swift */,
			);
			path = RouteFollowing;
			sourceTree = "<group>";
		};
		C941F5132AD52B2200F43668 /* RouteDetail */ = {
			isa = PBXGroup;
			children = (
				C941F5142AD52B3900F43668 /* RouteDetailViewController.swift */,
			);
			path = RouteDetail;
			sourceTree = "<group>";
		};
		C941F51D2AD5337400F43668 /* UIImage */ = {
			isa = PBXGroup;
			children = (
				C941F51A2AD5334E00F43668 /* UIImage+.swift */,
			);
			path = UIImage;
			sourceTree = "<group>";
		};
		C941F51E2AD5392E00F43668 /* UIColor */ = {
			isa = PBXGroup;
			children = (
				C941F51F2AD5393B00F43668 /* UIColor+.swift */,
			);
			path = UIColor;
			sourceTree = "<group>";
		};
		C941F5212AD53D7300F43668 /* UIFont */ = {
			isa = PBXGroup;
			children = (
				C941F5222AD53D8100F43668 /* UIFont+.swift */,
			);
			path = UIFont;
			sourceTree = "<group>";
		};
		C941F5242AD53DA400F43668 /* Font */ = {
			isa = PBXGroup;
			children = (
				C941F52A2AD53DDA00F43668 /* Pretendard-Black.otf */,
				C941F5292AD53DDA00F43668 /* Pretendard-Bold.otf */,
				C941F52B2AD53DDA00F43668 /* Pretendard-ExtraBold.otf */,
				C941F5252AD53DDA00F43668 /* Pretendard-ExtraLight.otf */,
				C941F52C2AD53DDA00F43668 /* Pretendard-Light.otf */,
				C941F5282AD53DDA00F43668 /* Pretendard-Medium.otf */,
				C941F5272AD53DDA00F43668 /* Pretendard-Regular.otf */,
				C941F52D2AD53DDA00F43668 /* Pretendard-SemiBold.otf */,
				C941F5262AD53DDA00F43668 /* Pretendard-Thin.otf */,
			);
			path = Font;
			sourceTree = "<group>";
		};
		C947D91D2AC3F50E00015407 = {
			isa = PBXGroup;
			children = (
				C947D9282AC3F50E00015407 /* runnerpia */,
				C947D9422AC3F51000015407 /* runnerpiaTests */,
				C947D94C2AC3F51000015407 /* runnerpiaUITests */,
				C947D9272AC3F50E00015407 /* Products */,
				1E2292F59C8332E123B0BA89 /* Pods */,
				5E4758F07042A7D3239422AE /* Frameworks */,
			);
			sourceTree = "<group>";
		};
		C947D9272AC3F50E00015407 /* Products */ = {
			isa = PBXGroup;
			children = (
				C947D9262AC3F50E00015407 /* runnerpia.app */,
				C947D93F2AC3F51000015407 /* runnerpiaTests.xctest */,
				C947D9492AC3F51000015407 /* runnerpiaUITests.xctest */,
			);
			name = Products;
			sourceTree = "<group>";
		};
		C947D9282AC3F50E00015407 /* runnerpia */ = {
			isa = PBXGroup;
			children = (
				88E172442AD386F800A4A852 /* Application */,
				88E172452AD3870100A4A852 /* Common */,
				88E172462AD390C300A4A852 /* Configs */,
				88E172472AD390CC00A4A852 /* Extensions */,
				88E172492AD390E200A4A852 /* Models */,
				88E1724A2AD390EE00A4A852 /* Modules */,
				88E1724B2AD390FD00A4A852 /* Networking */,
				88E1724C2AD3910F00A4A852 /* Resources */,
				C947D9372AC3F51000015407 /* LaunchScreen.storyboard */,
			);
			path = runnerpia;
			sourceTree = "<group>";
		};
		C947D9422AC3F51000015407 /* runnerpiaTests */ = {
			isa = PBXGroup;
			children = (
				C947D9432AC3F51000015407 /* runnerpiaTests.swift */,
			);
			path = runnerpiaTests;
			sourceTree = "<group>";
		};
		C947D94C2AC3F51000015407 /* runnerpiaUITests */ = {
			isa = PBXGroup;
			children = (
				C947D94D2AC3F51000015407 /* runnerpiaUITests.swift */,
				C947D94F2AC3F51000015407 /* runnerpiaUITestsLaunchTests.swift */,
			);
			path = runnerpiaUITests;
			sourceTree = "<group>";
		};
/* End PBXGroup section */

/* Begin PBXNativeTarget section */
		C947D9252AC3F50E00015407 /* runnerpia */ = {
			isa = PBXNativeTarget;
			buildConfigurationList = C947D9532AC3F51000015407 /* Build configuration list for PBXNativeTarget "runnerpia" */;
			buildPhases = (
				B75659F0A6128CEC9FC7396E /* [CP] Check Pods Manifest.lock */,
				C947D9222AC3F50E00015407 /* Sources */,
				C947D9232AC3F50E00015407 /* Frameworks */,
				C947D9242AC3F50E00015407 /* Resources */,
				B2F4EF4D42A488D8EF72228B /* [CP] Embed Pods Frameworks */,
			);
			buildRules = (
			);
			dependencies = (
			);
			name = runnerpia;
			productName = runnerpia;
			productReference = C947D9262AC3F50E00015407 /* runnerpia.app */;
			productType = "com.apple.product-type.application";
		};
		C947D93E2AC3F51000015407 /* runnerpiaTests */ = {
			isa = PBXNativeTarget;
			buildConfigurationList = C947D9562AC3F51000015407 /* Build configuration list for PBXNativeTarget "runnerpiaTests" */;
			buildPhases = (
				131D61C23D5EB93C8456846A /* [CP] Check Pods Manifest.lock */,
				C947D93B2AC3F51000015407 /* Sources */,
				C947D93C2AC3F51000015407 /* Frameworks */,
				C947D93D2AC3F51000015407 /* Resources */,
				C7C2277E98BB66BD94EA3424 /* [CP] Embed Pods Frameworks */,
			);
			buildRules = (
			);
			dependencies = (
				C947D9412AC3F51000015407 /* PBXTargetDependency */,
			);
			name = runnerpiaTests;
			productName = runnerpiaTests;
			productReference = C947D93F2AC3F51000015407 /* runnerpiaTests.xctest */;
			productType = "com.apple.product-type.bundle.unit-test";
		};
		C947D9482AC3F51000015407 /* runnerpiaUITests */ = {
			isa = PBXNativeTarget;
			buildConfigurationList = C947D9592AC3F51000015407 /* Build configuration list for PBXNativeTarget "runnerpiaUITests" */;
			buildPhases = (
				0ECF63C735F25A8DD39D4478 /* [CP] Check Pods Manifest.lock */,
				C947D9452AC3F51000015407 /* Sources */,
				C947D9462AC3F51000015407 /* Frameworks */,
				C947D9472AC3F51000015407 /* Resources */,
				6981EC6F5D684DEE2ED2560F /* [CP] Embed Pods Frameworks */,
			);
			buildRules = (
			);
			dependencies = (
				C947D94B2AC3F51000015407 /* PBXTargetDependency */,
			);
			name = runnerpiaUITests;
			productName = runnerpiaUITests;
			productReference = C947D9492AC3F51000015407 /* runnerpiaUITests.xctest */;
			productType = "com.apple.product-type.bundle.ui-testing";
		};
/* End PBXNativeTarget section */

/* Begin PBXProject section */
		C947D91E2AC3F50E00015407 /* Project object */ = {
			isa = PBXProject;
			attributes = {
				BuildIndependentTargetsInParallel = 1;
				LastSwiftUpdateCheck = 1430;
				LastUpgradeCheck = 1430;
				TargetAttributes = {
					C947D9252AC3F50E00015407 = {
						CreatedOnToolsVersion = 14.3.1;
					};
					C947D93E2AC3F51000015407 = {
						CreatedOnToolsVersion = 14.3.1;
						TestTargetID = C947D9252AC3F50E00015407;
					};
					C947D9482AC3F51000015407 = {
						CreatedOnToolsVersion = 14.3.1;
						TestTargetID = C947D9252AC3F50E00015407;
					};
				};
			};
			buildConfigurationList = C947D9212AC3F50E00015407 /* Build configuration list for PBXProject "runnerpia" */;
			compatibilityVersion = "Xcode 13.0";
			developmentRegion = en;
			hasScannedForEncodings = 0;
			knownRegions = (
				en,
				Base,
			);
			mainGroup = C947D91D2AC3F50E00015407;
			productRefGroup = C947D9272AC3F50E00015407 /* Products */;
			projectDirPath = "";
			projectRoot = "";
			targets = (
				C947D9252AC3F50E00015407 /* runnerpia */,
				C947D93E2AC3F51000015407 /* runnerpiaTests */,
				C947D9482AC3F51000015407 /* runnerpiaUITests */,
			);
		};
/* End PBXProject section */

/* Begin PBXResourcesBuildPhase section */
		C947D9242AC3F50E00015407 /* Resources */ = {
			isa = PBXResourcesBuildPhase;
			buildActionMask = 2147483647;
			files = (
				88E172582AD5588F00A4A852 /* Pretendard-Black.otf in Resources */,
				88E172592AD5588F00A4A852 /* Pretendard-Bold.otf in Resources */,
				88E1725A2AD5588F00A4A852 /* Pretendard-ExtraBold.otf in Resources */,
				88E1725B2AD5588F00A4A852 /* Pretendard-ExtraLight.otf in Resources */,
				88E1725C2AD5588F00A4A852 /* Pretendard-Light.otf in Resources */,
				88E1725D2AD5588F00A4A852 /* Pretendard-Medium.otf in Resources */,
				88E1725E2AD5588F00A4A852 /* Pretendard-Regular.otf in Resources */,
				88E1725F2AD5588F00A4A852 /* Pretendard-SemiBold.otf in Resources */,
				88E172602AD5588F00A4A852 /* Pretendard-Thin.otf in Resources */,
				C947D9392AC3F51000015407 /* LaunchScreen.storyboard in Resources */,
				C947D9362AC3F51000015407 /* Assets.xcassets in Resources */,
			);
			runOnlyForDeploymentPostprocessing = 0;
		};
		C947D93D2AC3F51000015407 /* Resources */ = {
			isa = PBXResourcesBuildPhase;
			buildActionMask = 2147483647;
			files = (
			);
			runOnlyForDeploymentPostprocessing = 0;
		};
		C947D9472AC3F51000015407 /* Resources */ = {
			isa = PBXResourcesBuildPhase;
			buildActionMask = 2147483647;
			files = (
			);
			runOnlyForDeploymentPostprocessing = 0;
		};
/* End PBXResourcesBuildPhase section */

/* Begin PBXShellScriptBuildPhase section */
		0ECF63C735F25A8DD39D4478 /* [CP] Check Pods Manifest.lock */ = {
			isa = PBXShellScriptBuildPhase;
			buildActionMask = 2147483647;
			files = (
			);
			inputFileListPaths = (
			);
			inputPaths = (
				"${PODS_PODFILE_DIR_PATH}/Podfile.lock",
				"${PODS_ROOT}/Manifest.lock",
			);
			name = "[CP] Check Pods Manifest.lock";
			outputFileListPaths = (
			);
			outputPaths = (
				"$(DERIVED_FILE_DIR)/Pods-runnerpia-runnerpiaUITests-checkManifestLockResult.txt",
			);
			runOnlyForDeploymentPostprocessing = 0;
			shellPath = /bin/sh;
			shellScript = "diff \"${PODS_PODFILE_DIR_PATH}/Podfile.lock\" \"${PODS_ROOT}/Manifest.lock\" > /dev/null\nif [ $? != 0 ] ; then\n    # print error to STDERR\n    echo \"error: The sandbox is not in sync with the Podfile.lock. Run 'pod install' or update your CocoaPods installation.\" >&2\n    exit 1\nfi\n# This output is used by Xcode 'outputs' to avoid re-running this script phase.\necho \"SUCCESS\" > \"${SCRIPT_OUTPUT_FILE_0}\"\n";
			showEnvVarsInLog = 0;
		};
		131D61C23D5EB93C8456846A /* [CP] Check Pods Manifest.lock */ = {
			isa = PBXShellScriptBuildPhase;
			buildActionMask = 2147483647;
			files = (
			);
			inputFileListPaths = (
			);
			inputPaths = (
				"${PODS_PODFILE_DIR_PATH}/Podfile.lock",
				"${PODS_ROOT}/Manifest.lock",
			);
			name = "[CP] Check Pods Manifest.lock";
			outputFileListPaths = (
			);
			outputPaths = (
				"$(DERIVED_FILE_DIR)/Pods-runnerpiaTests-checkManifestLockResult.txt",
			);
			runOnlyForDeploymentPostprocessing = 0;
			shellPath = /bin/sh;
			shellScript = "diff \"${PODS_PODFILE_DIR_PATH}/Podfile.lock\" \"${PODS_ROOT}/Manifest.lock\" > /dev/null\nif [ $? != 0 ] ; then\n    # print error to STDERR\n    echo \"error: The sandbox is not in sync with the Podfile.lock. Run 'pod install' or update your CocoaPods installation.\" >&2\n    exit 1\nfi\n# This output is used by Xcode 'outputs' to avoid re-running this script phase.\necho \"SUCCESS\" > \"${SCRIPT_OUTPUT_FILE_0}\"\n";
			showEnvVarsInLog = 0;
		};
		6981EC6F5D684DEE2ED2560F /* [CP] Embed Pods Frameworks */ = {
			isa = PBXShellScriptBuildPhase;
			buildActionMask = 2147483647;
			files = (
			);
			inputFileListPaths = (
				"${PODS_ROOT}/Target Support Files/Pods-runnerpia-runnerpiaUITests/Pods-runnerpia-runnerpiaUITests-frameworks-${CONFIGURATION}-input-files.xcfilelist",
			);
			name = "[CP] Embed Pods Frameworks";
			outputFileListPaths = (
				"${PODS_ROOT}/Target Support Files/Pods-runnerpia-runnerpiaUITests/Pods-runnerpia-runnerpiaUITests-frameworks-${CONFIGURATION}-output-files.xcfilelist",
			);
			runOnlyForDeploymentPostprocessing = 0;
			shellPath = /bin/sh;
			shellScript = "\"${PODS_ROOT}/Target Support Files/Pods-runnerpia-runnerpiaUITests/Pods-runnerpia-runnerpiaUITests-frameworks.sh\"\n";
			showEnvVarsInLog = 0;
		};
		B2F4EF4D42A488D8EF72228B /* [CP] Embed Pods Frameworks */ = {
			isa = PBXShellScriptBuildPhase;
			buildActionMask = 2147483647;
			files = (
			);
			inputFileListPaths = (
				"${PODS_ROOT}/Target Support Files/Pods-runnerpia/Pods-runnerpia-frameworks-${CONFIGURATION}-input-files.xcfilelist",
			);
			name = "[CP] Embed Pods Frameworks";
			outputFileListPaths = (
				"${PODS_ROOT}/Target Support Files/Pods-runnerpia/Pods-runnerpia-frameworks-${CONFIGURATION}-output-files.xcfilelist",
			);
			runOnlyForDeploymentPostprocessing = 0;
			shellPath = /bin/sh;
			shellScript = "\"${PODS_ROOT}/Target Support Files/Pods-runnerpia/Pods-runnerpia-frameworks.sh\"\n";
			showEnvVarsInLog = 0;
		};
		B75659F0A6128CEC9FC7396E /* [CP] Check Pods Manifest.lock */ = {
			isa = PBXShellScriptBuildPhase;
			buildActionMask = 2147483647;
			files = (
			);
			inputFileListPaths = (
			);
			inputPaths = (
				"${PODS_PODFILE_DIR_PATH}/Podfile.lock",
				"${PODS_ROOT}/Manifest.lock",
			);
			name = "[CP] Check Pods Manifest.lock";
			outputFileListPaths = (
			);
			outputPaths = (
				"$(DERIVED_FILE_DIR)/Pods-runnerpia-checkManifestLockResult.txt",
			);
			runOnlyForDeploymentPostprocessing = 0;
			shellPath = /bin/sh;
			shellScript = "diff \"${PODS_PODFILE_DIR_PATH}/Podfile.lock\" \"${PODS_ROOT}/Manifest.lock\" > /dev/null\nif [ $? != 0 ] ; then\n    # print error to STDERR\n    echo \"error: The sandbox is not in sync with the Podfile.lock. Run 'pod install' or update your CocoaPods installation.\" >&2\n    exit 1\nfi\n# This output is used by Xcode 'outputs' to avoid re-running this script phase.\necho \"SUCCESS\" > \"${SCRIPT_OUTPUT_FILE_0}\"\n";
			showEnvVarsInLog = 0;
		};
		C7C2277E98BB66BD94EA3424 /* [CP] Embed Pods Frameworks */ = {
			isa = PBXShellScriptBuildPhase;
			buildActionMask = 2147483647;
			files = (
			);
			inputFileListPaths = (
				"${PODS_ROOT}/Target Support Files/Pods-runnerpiaTests/Pods-runnerpiaTests-frameworks-${CONFIGURATION}-input-files.xcfilelist",
			);
			name = "[CP] Embed Pods Frameworks";
			outputFileListPaths = (
				"${PODS_ROOT}/Target Support Files/Pods-runnerpiaTests/Pods-runnerpiaTests-frameworks-${CONFIGURATION}-output-files.xcfilelist",
			);
			runOnlyForDeploymentPostprocessing = 0;
			shellPath = /bin/sh;
			shellScript = "\"${PODS_ROOT}/Target Support Files/Pods-runnerpiaTests/Pods-runnerpiaTests-frameworks.sh\"\n";
			showEnvVarsInLog = 0;
		};
/* End PBXShellScriptBuildPhase section */

/* Begin PBXSourcesBuildPhase section */
		C947D9222AC3F50E00015407 /* Sources */ = {
			isa = PBXSourcesBuildPhase;
			buildActionMask = 2147483647;
			files = (
				C941F5172AD52CF500F43668 /* AppCoordinator.swift in Sources */,
				C941F5102AD52AF300F43668 /* RouteFollowingViewController.swift in Sources */,
				C941F5192AD532AE00F43668 /* ImageLiteral.swift in Sources */,
				88E1726B2AD5624D00A4A852 /* SafeTagContentsView.swift in Sources */,
				C947D92A2AC3F50E00015407 /* AppDelegate.swift in Sources */,
				C947D9342AC3F50E00015407 /* runnerpia.xcdatamodeld in Sources */,
				C941F50C2AD529B300F43668 /* HomeViewController.swift in Sources */,
				88FA2B9D2AD58DA900AE835B /* APIRouter.swift in Sources */,
				C941F5082AD5284200F43668 /* BaseViewModel.swift in Sources */,
				88E172722AD5745900A4A852 /* Tags.swift in Sources */,
				88E172752AD586A800A4A852 /* RouteRunningViewController.swift in Sources */,
				88E172512AD3A8FD00A4A852 /* TabBarController.swift in Sources */,
				88E172682AD55E2300A4A852 /* UIView+.swift in Sources */,
				88E1726D2AD5737300A4A852 /* MainRoute.swift in Sources */,
				88E172652AD55D0900A4A852 /* RecommendContentsView.swift in Sources */,
				88E1726F2AD5739900A4A852 /* FollowingRoute.swift in Sources */,
				C941F51B2AD5334E00F43668 /* UIImage+.swift in Sources */,
				88E172542AD5542800A4A852 /* MyPageViewController.swift in Sources */,
				C941F5232AD53D8100F43668 /* UIFont+.swift in Sources */,
				C941F5202AD5393B00F43668 /* UIColor+.swift in Sources */,
				C941F5152AD52B3900F43668 /* RouteDetailViewController.swift in Sources */,
				C941F5062AD5275100F43668 /* BaseViewController.swift in Sources */,
			);
			runOnlyForDeploymentPostprocessing = 0;
		};
		C947D93B2AC3F51000015407 /* Sources */ = {
			isa = PBXSourcesBuildPhase;
			buildActionMask = 2147483647;
			files = (
				C947D9442AC3F51000015407 /* runnerpiaTests.swift in Sources */,
			);
			runOnlyForDeploymentPostprocessing = 0;
		};
		C947D9452AC3F51000015407 /* Sources */ = {
			isa = PBXSourcesBuildPhase;
			buildActionMask = 2147483647;
			files = (
				C947D94E2AC3F51000015407 /* runnerpiaUITests.swift in Sources */,
				C947D9502AC3F51000015407 /* runnerpiaUITestsLaunchTests.swift in Sources */,
			);
			runOnlyForDeploymentPostprocessing = 0;
		};
/* End PBXSourcesBuildPhase section */

/* Begin PBXTargetDependency section */
		C947D9412AC3F51000015407 /* PBXTargetDependency */ = {
			isa = PBXTargetDependency;
			target = C947D9252AC3F50E00015407 /* runnerpia */;
			targetProxy = C947D9402AC3F51000015407 /* PBXContainerItemProxy */;
		};
		C947D94B2AC3F51000015407 /* PBXTargetDependency */ = {
			isa = PBXTargetDependency;
			target = C947D9252AC3F50E00015407 /* runnerpia */;
			targetProxy = C947D94A2AC3F51000015407 /* PBXContainerItemProxy */;
		};
/* End PBXTargetDependency section */

/* Begin PBXVariantGroup section */
		C947D9372AC3F51000015407 /* LaunchScreen.storyboard */ = {
			isa = PBXVariantGroup;
			children = (
				C947D9382AC3F51000015407 /* Base */,
			);
			name = LaunchScreen.storyboard;
			sourceTree = "<group>";
		};
/* End PBXVariantGroup section */

/* Begin XCBuildConfiguration section */
		C947D9512AC3F51000015407 /* Debug */ = {
			isa = XCBuildConfiguration;
			buildSettings = {
				ALWAYS_SEARCH_USER_PATHS = NO;
				CLANG_ANALYZER_NONNULL = YES;
				CLANG_ANALYZER_NUMBER_OBJECT_CONVERSION = YES_AGGRESSIVE;
				CLANG_CXX_LANGUAGE_STANDARD = "gnu++20";
				CLANG_ENABLE_MODULES = YES;
				CLANG_ENABLE_OBJC_ARC = YES;
				CLANG_ENABLE_OBJC_WEAK = YES;
				CLANG_WARN_BLOCK_CAPTURE_AUTORELEASING = YES;
				CLANG_WARN_BOOL_CONVERSION = YES;
				CLANG_WARN_COMMA = YES;
				CLANG_WARN_CONSTANT_CONVERSION = YES;
				CLANG_WARN_DEPRECATED_OBJC_IMPLEMENTATIONS = YES;
				CLANG_WARN_DIRECT_OBJC_ISA_USAGE = YES_ERROR;
				CLANG_WARN_DOCUMENTATION_COMMENTS = YES;
				CLANG_WARN_EMPTY_BODY = YES;
				CLANG_WARN_ENUM_CONVERSION = YES;
				CLANG_WARN_INFINITE_RECURSION = YES;
				CLANG_WARN_INT_CONVERSION = YES;
				CLANG_WARN_NON_LITERAL_NULL_CONVERSION = YES;
				CLANG_WARN_OBJC_IMPLICIT_RETAIN_SELF = YES;
				CLANG_WARN_OBJC_LITERAL_CONVERSION = YES;
				CLANG_WARN_OBJC_ROOT_CLASS = YES_ERROR;
				CLANG_WARN_QUOTED_INCLUDE_IN_FRAMEWORK_HEADER = YES;
				CLANG_WARN_RANGE_LOOP_ANALYSIS = YES;
				CLANG_WARN_STRICT_PROTOTYPES = YES;
				CLANG_WARN_SUSPICIOUS_MOVE = YES;
				CLANG_WARN_UNGUARDED_AVAILABILITY = YES_AGGRESSIVE;
				CLANG_WARN_UNREACHABLE_CODE = YES;
				CLANG_WARN__DUPLICATE_METHOD_MATCH = YES;
				COPY_PHASE_STRIP = NO;
				DEBUG_INFORMATION_FORMAT = dwarf;
				ENABLE_STRICT_OBJC_MSGSEND = YES;
				ENABLE_TESTABILITY = YES;
				GCC_C_LANGUAGE_STANDARD = gnu11;
				GCC_DYNAMIC_NO_PIC = NO;
				GCC_NO_COMMON_BLOCKS = YES;
				GCC_OPTIMIZATION_LEVEL = 0;
				GCC_PREPROCESSOR_DEFINITIONS = (
					"DEBUG=1",
					"$(inherited)",
				);
				GCC_WARN_64_TO_32_BIT_CONVERSION = YES;
				GCC_WARN_ABOUT_RETURN_TYPE = YES_ERROR;
				GCC_WARN_UNDECLARED_SELECTOR = YES;
				GCC_WARN_UNINITIALIZED_AUTOS = YES_AGGRESSIVE;
				GCC_WARN_UNUSED_FUNCTION = YES;
				GCC_WARN_UNUSED_VARIABLE = YES;
				IPHONEOS_DEPLOYMENT_TARGET = 16.4;
				MTL_ENABLE_DEBUG_INFO = INCLUDE_SOURCE;
				MTL_FAST_MATH = YES;
				ONLY_ACTIVE_ARCH = YES;
				SDKROOT = iphoneos;
				SWIFT_ACTIVE_COMPILATION_CONDITIONS = DEBUG;
				SWIFT_OPTIMIZATION_LEVEL = "-Onone";
			};
			name = Debug;
		};
		C947D9522AC3F51000015407 /* Release */ = {
			isa = XCBuildConfiguration;
			buildSettings = {
				ALWAYS_SEARCH_USER_PATHS = NO;
				CLANG_ANALYZER_NONNULL = YES;
				CLANG_ANALYZER_NUMBER_OBJECT_CONVERSION = YES_AGGRESSIVE;
				CLANG_CXX_LANGUAGE_STANDARD = "gnu++20";
				CLANG_ENABLE_MODULES = YES;
				CLANG_ENABLE_OBJC_ARC = YES;
				CLANG_ENABLE_OBJC_WEAK = YES;
				CLANG_WARN_BLOCK_CAPTURE_AUTORELEASING = YES;
				CLANG_WARN_BOOL_CONVERSION = YES;
				CLANG_WARN_COMMA = YES;
				CLANG_WARN_CONSTANT_CONVERSION = YES;
				CLANG_WARN_DEPRECATED_OBJC_IMPLEMENTATIONS = YES;
				CLANG_WARN_DIRECT_OBJC_ISA_USAGE = YES_ERROR;
				CLANG_WARN_DOCUMENTATION_COMMENTS = YES;
				CLANG_WARN_EMPTY_BODY = YES;
				CLANG_WARN_ENUM_CONVERSION = YES;
				CLANG_WARN_INFINITE_RECURSION = YES;
				CLANG_WARN_INT_CONVERSION = YES;
				CLANG_WARN_NON_LITERAL_NULL_CONVERSION = YES;
				CLANG_WARN_OBJC_IMPLICIT_RETAIN_SELF = YES;
				CLANG_WARN_OBJC_LITERAL_CONVERSION = YES;
				CLANG_WARN_OBJC_ROOT_CLASS = YES_ERROR;
				CLANG_WARN_QUOTED_INCLUDE_IN_FRAMEWORK_HEADER = YES;
				CLANG_WARN_RANGE_LOOP_ANALYSIS = YES;
				CLANG_WARN_STRICT_PROTOTYPES = YES;
				CLANG_WARN_SUSPICIOUS_MOVE = YES;
				CLANG_WARN_UNGUARDED_AVAILABILITY = YES_AGGRESSIVE;
				CLANG_WARN_UNREACHABLE_CODE = YES;
				CLANG_WARN__DUPLICATE_METHOD_MATCH = YES;
				COPY_PHASE_STRIP = NO;
				DEBUG_INFORMATION_FORMAT = "dwarf-with-dsym";
				ENABLE_NS_ASSERTIONS = NO;
				ENABLE_STRICT_OBJC_MSGSEND = YES;
				GCC_C_LANGUAGE_STANDARD = gnu11;
				GCC_NO_COMMON_BLOCKS = YES;
				GCC_WARN_64_TO_32_BIT_CONVERSION = YES;
				GCC_WARN_ABOUT_RETURN_TYPE = YES_ERROR;
				GCC_WARN_UNDECLARED_SELECTOR = YES;
				GCC_WARN_UNINITIALIZED_AUTOS = YES_AGGRESSIVE;
				GCC_WARN_UNUSED_FUNCTION = YES;
				GCC_WARN_UNUSED_VARIABLE = YES;
				IPHONEOS_DEPLOYMENT_TARGET = 16.4;
				MTL_ENABLE_DEBUG_INFO = NO;
				MTL_FAST_MATH = YES;
				SDKROOT = iphoneos;
				SWIFT_COMPILATION_MODE = wholemodule;
				SWIFT_OPTIMIZATION_LEVEL = "-O";
				VALIDATE_PRODUCT = YES;
			};
			name = Release;
		};
		C947D9542AC3F51000015407 /* Debug */ = {
			isa = XCBuildConfiguration;
			baseConfigurationReference = EC8D8280FC147B0866BE7A6C /* Pods-runnerpia.debug.xcconfig */;
			buildSettings = {
				ASSETCATALOG_COMPILER_APPICON_NAME = AppIcon;
				ASSETCATALOG_COMPILER_GLOBAL_ACCENT_COLOR_NAME = AccentColor;
				CODE_SIGN_STYLE = Automatic;
				CURRENT_PROJECT_VERSION = 1;
				DEVELOPMENT_TEAM = 5JQS3FU5R6;
				GENERATE_INFOPLIST_FILE = YES;
				INFOPLIST_FILE = runnerpia/Resources/Info.plist;
				INFOPLIST_KEY_UIApplicationSupportsIndirectInputEvents = YES;
				INFOPLIST_KEY_UILaunchStoryboardName = LaunchScreen;
				INFOPLIST_KEY_UISupportedInterfaceOrientations_iPad = "UIInterfaceOrientationLandscapeLeft UIInterfaceOrientationLandscapeRight UIInterfaceOrientationPortrait UIInterfaceOrientationPortraitUpsideDown";
				IPHONEOS_DEPLOYMENT_TARGET = 16.0;
				LD_RUNPATH_SEARCH_PATHS = (
					"$(inherited)",
					"@executable_path/Frameworks",
				);
				MARKETING_VERSION = 1.0;
				PRODUCT_BUNDLE_IDENTIFIER = com.parkjju.runnerpia;
				PRODUCT_NAME = "$(TARGET_NAME)";
				SUPPORTED_PLATFORMS = "iphoneos iphonesimulator";
				SUPPORTS_MACCATALYST = NO;
				SUPPORTS_MAC_DESIGNED_FOR_IPHONE_IPAD = NO;
				SWIFT_EMIT_LOC_STRINGS = YES;
				SWIFT_VERSION = 5.0;
				TARGETED_DEVICE_FAMILY = 1;
			};
			name = Debug;
		};
		C947D9552AC3F51000015407 /* Release */ = {
			isa = XCBuildConfiguration;
			baseConfigurationReference = 387C8AB4255175EDAED1A4F1 /* Pods-runnerpia.release.xcconfig */;
			buildSettings = {
				ASSETCATALOG_COMPILER_APPICON_NAME = AppIcon;
				ASSETCATALOG_COMPILER_GLOBAL_ACCENT_COLOR_NAME = AccentColor;
				CODE_SIGN_STYLE = Automatic;
				CURRENT_PROJECT_VERSION = 1;
				DEVELOPMENT_TEAM = 5JQS3FU5R6;
				GENERATE_INFOPLIST_FILE = YES;
				INFOPLIST_FILE = runnerpia/Resources/Info.plist;
				INFOPLIST_KEY_UIApplicationSupportsIndirectInputEvents = YES;
				INFOPLIST_KEY_UILaunchStoryboardName = LaunchScreen;
				INFOPLIST_KEY_UISupportedInterfaceOrientations_iPad = "UIInterfaceOrientationLandscapeLeft UIInterfaceOrientationLandscapeRight UIInterfaceOrientationPortrait UIInterfaceOrientationPortraitUpsideDown";
				IPHONEOS_DEPLOYMENT_TARGET = 16.0;
				LD_RUNPATH_SEARCH_PATHS = (
					"$(inherited)",
					"@executable_path/Frameworks",
				);
				MARKETING_VERSION = 1.0;
				PRODUCT_BUNDLE_IDENTIFIER = com.parkjju.runnerpia;
				PRODUCT_NAME = "$(TARGET_NAME)";
				SUPPORTED_PLATFORMS = "iphoneos iphonesimulator";
				SUPPORTS_MACCATALYST = NO;
				SUPPORTS_MAC_DESIGNED_FOR_IPHONE_IPAD = NO;
				SWIFT_EMIT_LOC_STRINGS = YES;
				SWIFT_VERSION = 5.0;
				TARGETED_DEVICE_FAMILY = 1;
			};
			name = Release;
		};
		C947D9572AC3F51000015407 /* Debug */ = {
			isa = XCBuildConfiguration;
			baseConfigurationReference = 5862D0E785A20B3FF5DD925F /* Pods-runnerpiaTests.debug.xcconfig */;
			buildSettings = {
				ALWAYS_EMBED_SWIFT_STANDARD_LIBRARIES = YES;
				BUNDLE_LOADER = "$(TEST_HOST)";
				CODE_SIGN_STYLE = Automatic;
				CURRENT_PROJECT_VERSION = 1;
				DEVELOPMENT_TEAM = 5JQS3FU5R6;
				GENERATE_INFOPLIST_FILE = YES;
				IPHONEOS_DEPLOYMENT_TARGET = 16.4;
				MARKETING_VERSION = 1.0;
				PRODUCT_BUNDLE_IDENTIFIER = com.parkjju.runnerpiaTests;
				PRODUCT_NAME = "$(TARGET_NAME)";
				SWIFT_EMIT_LOC_STRINGS = NO;
				SWIFT_VERSION = 5.0;
				TARGETED_DEVICE_FAMILY = "1,2";
				TEST_HOST = "$(BUILT_PRODUCTS_DIR)/runnerpia.app/$(BUNDLE_EXECUTABLE_FOLDER_PATH)/runnerpia";
			};
			name = Debug;
		};
		C947D9582AC3F51000015407 /* Release */ = {
			isa = XCBuildConfiguration;
			baseConfigurationReference = DFAC9708167AF2D6543FBE25 /* Pods-runnerpiaTests.release.xcconfig */;
			buildSettings = {
				ALWAYS_EMBED_SWIFT_STANDARD_LIBRARIES = YES;
				BUNDLE_LOADER = "$(TEST_HOST)";
				CODE_SIGN_STYLE = Automatic;
				CURRENT_PROJECT_VERSION = 1;
				DEVELOPMENT_TEAM = 5JQS3FU5R6;
				GENERATE_INFOPLIST_FILE = YES;
				IPHONEOS_DEPLOYMENT_TARGET = 16.4;
				MARKETING_VERSION = 1.0;
				PRODUCT_BUNDLE_IDENTIFIER = com.parkjju.runnerpiaTests;
				PRODUCT_NAME = "$(TARGET_NAME)";
				SWIFT_EMIT_LOC_STRINGS = NO;
				SWIFT_VERSION = 5.0;
				TARGETED_DEVICE_FAMILY = "1,2";
				TEST_HOST = "$(BUILT_PRODUCTS_DIR)/runnerpia.app/$(BUNDLE_EXECUTABLE_FOLDER_PATH)/runnerpia";
			};
			name = Release;
		};
		C947D95A2AC3F51000015407 /* Debug */ = {
			isa = XCBuildConfiguration;
			baseConfigurationReference = 99C878A5D0F16BA11209C565 /* Pods-runnerpia-runnerpiaUITests.debug.xcconfig */;
			buildSettings = {
				ALWAYS_EMBED_SWIFT_STANDARD_LIBRARIES = YES;
				CODE_SIGN_STYLE = Automatic;
				CURRENT_PROJECT_VERSION = 1;
				DEVELOPMENT_TEAM = 5JQS3FU5R6;
				GENERATE_INFOPLIST_FILE = YES;
				MARKETING_VERSION = 1.0;
				PRODUCT_BUNDLE_IDENTIFIER = com.parkjju.runnerpiaUITests;
				PRODUCT_NAME = "$(TARGET_NAME)";
				SWIFT_EMIT_LOC_STRINGS = NO;
				SWIFT_VERSION = 5.0;
				TARGETED_DEVICE_FAMILY = "1,2";
				TEST_TARGET_NAME = runnerpia;
			};
			name = Debug;
		};
		C947D95B2AC3F51000015407 /* Release */ = {
			isa = XCBuildConfiguration;
			baseConfigurationReference = 3B528E7554C6A04F1A2FB6F3 /* Pods-runnerpia-runnerpiaUITests.release.xcconfig */;
			buildSettings = {
				ALWAYS_EMBED_SWIFT_STANDARD_LIBRARIES = YES;
				CODE_SIGN_STYLE = Automatic;
				CURRENT_PROJECT_VERSION = 1;
				DEVELOPMENT_TEAM = 5JQS3FU5R6;
				GENERATE_INFOPLIST_FILE = YES;
				MARKETING_VERSION = 1.0;
				PRODUCT_BUNDLE_IDENTIFIER = com.parkjju.runnerpiaUITests;
				PRODUCT_NAME = "$(TARGET_NAME)";
				SWIFT_EMIT_LOC_STRINGS = NO;
				SWIFT_VERSION = 5.0;
				TARGETED_DEVICE_FAMILY = "1,2";
				TEST_TARGET_NAME = runnerpia;
			};
			name = Release;
		};
/* End XCBuildConfiguration section */

/* Begin XCConfigurationList section */
		C947D9212AC3F50E00015407 /* Build configuration list for PBXProject "runnerpia" */ = {
			isa = XCConfigurationList;
			buildConfigurations = (
				C947D9512AC3F51000015407 /* Debug */,
				C947D9522AC3F51000015407 /* Release */,
			);
			defaultConfigurationIsVisible = 0;
			defaultConfigurationName = Release;
		};
		C947D9532AC3F51000015407 /* Build configuration list for PBXNativeTarget "runnerpia" */ = {
			isa = XCConfigurationList;
			buildConfigurations = (
				C947D9542AC3F51000015407 /* Debug */,
				C947D9552AC3F51000015407 /* Release */,
			);
			defaultConfigurationIsVisible = 0;
			defaultConfigurationName = Release;
		};
		C947D9562AC3F51000015407 /* Build configuration list for PBXNativeTarget "runnerpiaTests" */ = {
			isa = XCConfigurationList;
			buildConfigurations = (
				C947D9572AC3F51000015407 /* Debug */,
				C947D9582AC3F51000015407 /* Release */,
			);
			defaultConfigurationIsVisible = 0;
			defaultConfigurationName = Release;
		};
		C947D9592AC3F51000015407 /* Build configuration list for PBXNativeTarget "runnerpiaUITests" */ = {
			isa = XCConfigurationList;
			buildConfigurations = (
				C947D95A2AC3F51000015407 /* Debug */,
				C947D95B2AC3F51000015407 /* Release */,
			);
			defaultConfigurationIsVisible = 0;
			defaultConfigurationName = Release;
		};
/* End XCConfigurationList section */

/* Begin XCVersionGroup section */
		C947D9322AC3F50E00015407 /* runnerpia.xcdatamodeld */ = {
			isa = XCVersionGroup;
			children = (
				C947D9332AC3F50E00015407 /* runnerpia.xcdatamodel */,
			);
			currentVersion = C947D9332AC3F50E00015407 /* runnerpia.xcdatamodel */;
			path = runnerpia.xcdatamodeld;
			sourceTree = "<group>";
			versionGroupType = wrapper.xcdatamodel;
		};
/* End XCVersionGroup section */
	};
	rootObject = C947D91E2AC3F50E00015407 /* Project object */;
}
